// !$*UTF8*$!
{
   archiveVersion = "1";
   objectVersion = "46";
   objects = {
      "Commandant::Commandant" = {
         isa = "PBXNativeTarget";
         buildConfigurationList = "OBJ_189";
         buildPhases = (
            "OBJ_192",
            "OBJ_202"
         );
         dependencies = (
            "OBJ_204"
         );
         name = "Commandant";
         productName = "Commandant";
         productReference = "Commandant::Commandant::Product";
         productType = "com.apple.product-type.framework";
      };
      "Commandant::Commandant::Product" = {
         isa = "PBXFileReference";
         path = "Commandant.framework";
         sourceTree = "BUILT_PRODUCTS_DIR";
      };
      "Commandant::SwiftPMPackageDescription" = {
         isa = "PBXNativeTarget";
         buildConfigurationList = "OBJ_207";
         buildPhases = (
            "OBJ_210"
         );
         dependencies = (
         );
         name = "CommandantPackageDescription";
         productName = "CommandantPackageDescription";
         productType = "com.apple.product-type.framework";
      };
      "Curry::Curry" = {
         isa = "PBXNativeTarget";
         buildConfigurationList = "OBJ_213";
         buildPhases = (
            "OBJ_216",
            "OBJ_218"
         );
         dependencies = (
         );
         name = "Curry";
         productName = "Curry";
         productReference = "Curry::Curry::Product";
         productType = "com.apple.product-type.framework";
      };
      "Curry::Curry::Product" = {
         isa = "PBXFileReference";
         path = "Curry.framework";
         sourceTree = "BUILT_PRODUCTS_DIR";
      };
      "Curry::SwiftPMPackageDescription" = {
         isa = "PBXNativeTarget";
         buildConfigurationList = "OBJ_220";
         buildPhases = (
            "OBJ_223"
         );
         dependencies = (
         );
         name = "CurryPackageDescription";
         productName = "CurryPackageDescription";
         productType = "com.apple.product-type.framework";
      };
      "Files::Files" = {
         isa = "PBXNativeTarget";
         buildConfigurationList = "OBJ_226";
         buildPhases = (
            "OBJ_229",
            "OBJ_231"
         );
         dependencies = (
         );
         name = "Files";
         productName = "Files";
         productReference = "Files::Files::Product";
         productType = "com.apple.product-type.framework";
      };
      "Files::Files::Product" = {
         isa = "PBXFileReference";
         path = "Files.framework";
         sourceTree = "BUILT_PRODUCTS_DIR";
      };
      "Files::SwiftPMPackageDescription" = {
         isa = "PBXNativeTarget";
         buildConfigurationList = "OBJ_233";
         buildPhases = (
            "OBJ_236"
         );
         dependencies = (
         );
         name = "FilesPackageDescription";
         productName = "FilesPackageDescription";
         productType = "com.apple.product-type.framework";
      };
      "OBJ_1" = {
         isa = "PBXProject";
         attributes = {
            LastUpgradeCheck = "9999";
         };
         buildConfigurationList = "OBJ_2";
         compatibilityVersion = "Xcode 3.2";
         developmentRegion = "English";
         hasScannedForEncodings = "0";
         knownRegions = (
            "en"
         );
         mainGroup = "OBJ_5";
         productRefGroup = "OBJ_178";
         projectDirPath = ".";
         targets = (
            "Commandant::Commandant",
            "Commandant::SwiftPMPackageDescription",
            "Curry::Curry",
            "Curry::SwiftPMPackageDescription",
            "Files::Files",
            "Files::SwiftPMPackageDescription",
            "Result::Result",
            "Result::SwiftPMPackageDescription",
            "SnapshotTesting::SnapshotTesting",
            "SnapshotTesting::SwiftPMPackageDescription",
            "SwiftRewriter::SwiftRewriter",
            "SwiftRewriter::SwiftPMPackageDescription",
            "SwiftRewriter::SwiftRewriterPackageTests::ProductTarget",
            "SwiftRewriter::SwiftRewriterTests",
            "SwiftSyntax::SwiftSyntax",
            "SwiftSyntax::SwiftPMPackageDescription",
            "SwiftRewriter::swift-rewriter"
         );
      };
      "OBJ_10" = {
         isa = "PBXFileReference";
         path = "PrintASTCommand.swift";
         sourceTree = "<group>";
      };
      "OBJ_100" = {
         isa = "PBXFileReference";
         path = "Async.swift";
         sourceTree = "<group>";
      };
      "OBJ_101" = {
         isa = "PBXFileReference";
         path = "Attachment.swift";
         sourceTree = "<group>";
      };
      "OBJ_102" = {
         isa = "PBXFileReference";
         path = "Diff.swift";
         sourceTree = "<group>";
      };
      "OBJ_103" = {
         isa = "PBXFileReference";
         path = "Diffing.swift";
         sourceTree = "<group>";
      };
      "OBJ_104" = {
         isa = "PBXFileReference";
         path = "SnapshotTestCase.swift";
         sourceTree = "<group>";
      };
      "OBJ_105" = {
         isa = "PBXFileReference";
         path = "Snapshotting.swift";
         sourceTree = "<group>";
      };
      "OBJ_106" = {
         isa = "PBXGroup";
         children = (
            "OBJ_107",
            "OBJ_108",
            "OBJ_109",
            "OBJ_110",
            "OBJ_111",
            "OBJ_112",
            "OBJ_113",
            "OBJ_114",
            "OBJ_115",
            "OBJ_116",
            "OBJ_117",
            "OBJ_118",
            "OBJ_119",
            "OBJ_120"
         );
         name = "Snapshotting";
         path = "Snapshotting";
         sourceTree = "<group>";
      };
      "OBJ_107" = {
         isa = "PBXFileReference";
         path = "Any.swift";
         sourceTree = "<group>";
      };
      "OBJ_108" = {
         isa = "PBXFileReference";
         path = "CALayer.swift";
         sourceTree = "<group>";
      };
      "OBJ_109" = {
         isa = "PBXFileReference";
         path = "Codable.swift";
         sourceTree = "<group>";
      };
      "OBJ_11" = {
         isa = "PBXFileReference";
         path = "RunCommand.swift";
         sourceTree = "<group>";
      };
      "OBJ_110" = {
         isa = "PBXFileReference";
         path = "Data.swift";
         sourceTree = "<group>";
      };
      "OBJ_111" = {
         isa = "PBXFileReference";
         path = "NSImage.swift";
         sourceTree = "<group>";
      };
      "OBJ_112" = {
         isa = "PBXFileReference";
         path = "NSView.swift";
         sourceTree = "<group>";
      };
      "OBJ_113" = {
         isa = "PBXFileReference";
         path = "NSViewController.swift";
         sourceTree = "<group>";
      };
      "OBJ_114" = {
         isa = "PBXFileReference";
         path = "SceneKit.swift";
         sourceTree = "<group>";
      };
      "OBJ_115" = {
         isa = "PBXFileReference";
         path = "SpriteKit.swift";
         sourceTree = "<group>";
      };
      "OBJ_116" = {
         isa = "PBXFileReference";
         path = "String.swift";
         sourceTree = "<group>";
      };
      "OBJ_117" = {
         isa = "PBXFileReference";
         path = "UIImage.swift";
         sourceTree = "<group>";
      };
      "OBJ_118" = {
         isa = "PBXFileReference";
         path = "UIView.swift";
         sourceTree = "<group>";
      };
      "OBJ_119" = {
         isa = "PBXFileReference";
         path = "UIViewController.swift";
         sourceTree = "<group>";
      };
      "OBJ_12" = {
         isa = "PBXGroup";
         children = (
            "OBJ_13",
            "OBJ_14"
         );
         name = "Utilities";
         path = "Utilities";
         sourceTree = "<group>";
      };
      "OBJ_120" = {
         isa = "PBXFileReference";
         path = "URLRequest.swift";
         sourceTree = "<group>";
      };
      "OBJ_121" = {
         isa = "PBXGroup";
         children = (
            "OBJ_122",
            "OBJ_123",
            "OBJ_124"
         );
         name = "Util";
         path = "Util";
         sourceTree = "<group>";
      };
      "OBJ_122" = {
         isa = "PBXFileReference";
         path = "Internal.swift";
         sourceTree = "<group>";
      };
      "OBJ_123" = {
         isa = "PBXFileReference";
         path = "PlistEncoder.swift";
         sourceTree = "<group>";
      };
      "OBJ_124" = {
         isa = "PBXFileReference";
         path = "View.swift";
         sourceTree = "<group>";
      };
      "OBJ_125" = {
         isa = "PBXFileReference";
         explicitFileType = "sourcecode.swift";
         name = "Package.swift";
         path = "/Users/inamiy/projects/swift/sandbox/SwiftSyntax/SwiftSyntaxCollection/.build/checkouts/swift-snapshot-testing--2084393048520721109/Package.swift";
         sourceTree = "<group>";
      };
      "OBJ_126" = {
         isa = "PBXGroup";
         children = (
            "OBJ_127",
            "OBJ_128"
         );
         name = "Files 2.2.1";
         path = ".build/checkouts/Files.git-3980145653522656052/Sources";
         sourceTree = "SOURCE_ROOT";
      };
      "OBJ_127" = {
         isa = "PBXFileReference";
         explicitFileType = "sourcecode.swift";
         name = "Package.swift";
         path = "/Users/inamiy/projects/swift/sandbox/SwiftSyntax/SwiftSyntaxCollection/.build/checkouts/Files.git-3980145653522656052/Package.swift";
         sourceTree = "<group>";
      };
      "OBJ_128" = {
         isa = "PBXFileReference";
         path = "Files.swift";
         sourceTree = "<group>";
      };
      "OBJ_129" = {
         isa = "PBXGroup";
         children = (
            "OBJ_130",
            "OBJ_131"
         );
         name = "Curry 4.0.1";
         path = ".build/checkouts/Curry.git--2594804562608571943/Source";
         sourceTree = "SOURCE_ROOT";
      };
      "OBJ_13" = {
         isa = "PBXFileReference";
         path = "CommandProtocol.swift";
         sourceTree = "<group>";
      };
      "OBJ_130" = {
         isa = "PBXFileReference";
         explicitFileType = "sourcecode.swift";
         name = "Package.swift";
         path = "/Users/inamiy/projects/swift/sandbox/SwiftSyntax/SwiftSyntaxCollection/.build/checkouts/Curry.git--2594804562608571943/Package.swift";
         sourceTree = "<group>";
      };
      "OBJ_131" = {
         isa = "PBXFileReference";
         path = "Curry.swift";
         sourceTree = "<group>";
      };
      "OBJ_132" = {
         isa = "PBXGroup";
         children = (
            "OBJ_133",
            "OBJ_143"
         );
         name = "Commandant 0.15.0";
         path = "";
         sourceTree = "SOURCE_ROOT";
      };
      "OBJ_133" = {
         isa = "PBXGroup";
         children = (
            "OBJ_134",
            "OBJ_135",
            "OBJ_136",
            "OBJ_137",
            "OBJ_138",
            "OBJ_139",
            "OBJ_140",
            "OBJ_141",
            "OBJ_142"
         );
         name = "Commandant";
         path = ".build/checkouts/Commandant.git--4666628216824029703/Sources/Commandant";
         sourceTree = "SOURCE_ROOT";
      };
      "OBJ_134" = {
         isa = "PBXFileReference";
         path = "Argument.swift";
         sourceTree = "<group>";
      };
      "OBJ_135" = {
         isa = "PBXFileReference";
         path = "ArgumentParser.swift";
         sourceTree = "<group>";
      };
      "OBJ_136" = {
         isa = "PBXFileReference";
         path = "ArgumentProtocol.swift";
         sourceTree = "<group>";
      };
      "OBJ_137" = {
         isa = "PBXFileReference";
         path = "Command.swift";
         sourceTree = "<group>";
      };
      "OBJ_138" = {
         isa = "PBXFileReference";
         path = "Errors.swift";
         sourceTree = "<group>";
      };
      "OBJ_139" = {
         isa = "PBXFileReference";
         path = "HelpCommand.swift";
         sourceTree = "<group>";
      };
      "OBJ_14" = {
         isa = "PBXFileReference";
         path = "CommonOptions.swift";
         sourceTree = "<group>";
      };
      "OBJ_140" = {
         isa = "PBXFileReference";
         path = "Option.swift";
         sourceTree = "<group>";
      };
      "OBJ_141" = {
         isa = "PBXFileReference";
         path = "OrderedSet.swift";
         sourceTree = "<group>";
      };
      "OBJ_142" = {
         isa = "PBXFileReference";
         path = "Switch.swift";
         sourceTree = "<group>";
      };
      "OBJ_143" = {
         isa = "PBXFileReference";
         explicitFileType = "sourcecode.swift";
         name = "Package.swift";
         path = "/Users/inamiy/projects/swift/sandbox/SwiftSyntax/SwiftSyntaxCollection/.build/checkouts/Commandant.git--4666628216824029703/Package.swift";
         sourceTree = "<group>";
      };
      "OBJ_144" = {
         isa = "PBXGroup";
         children = (
            "OBJ_145",
            "OBJ_150"
         );
         name = "Result 4.0.0";
         path = "";
         sourceTree = "SOURCE_ROOT";
      };
      "OBJ_145" = {
         isa = "PBXGroup";
         children = (
            "OBJ_146",
            "OBJ_147",
            "OBJ_148",
            "OBJ_149"
         );
         name = "Result";
         path = ".build/checkouts/Result.git-7388890018595242024/Result";
         sourceTree = "SOURCE_ROOT";
      };
      "OBJ_146" = {
         isa = "PBXFileReference";
         path = "AnyError.swift";
         sourceTree = "<group>";
      };
      "OBJ_147" = {
         isa = "PBXFileReference";
         path = "NoError.swift";
         sourceTree = "<group>";
      };
      "OBJ_148" = {
         isa = "PBXFileReference";
         path = "Result.swift";
         sourceTree = "<group>";
      };
      "OBJ_149" = {
         isa = "PBXFileReference";
         path = "ResultProtocol.swift";
         sourceTree = "<group>";
      };
      "OBJ_15" = {
         isa = "PBXFileReference";
         path = "main.swift";
         sourceTree = "<group>";
      };
      "OBJ_150" = {
         isa = "PBXFileReference";
         explicitFileType = "sourcecode.swift";
         name = "Package.swift";
         path = "/Users/inamiy/projects/swift/sandbox/SwiftSyntax/SwiftSyntaxCollection/.build/checkouts/Result.git-7388890018595242024/Package.swift";
         sourceTree = "<group>";
      };
      "OBJ_151" = {
         isa = "PBXGroup";
         children = (
            "OBJ_152",
            "OBJ_177"
         );
         name = "SwiftSyntax";
         path = "";
         sourceTree = "SOURCE_ROOT";
      };
      "OBJ_152" = {
         isa = "PBXGroup";
         children = (
            "OBJ_153",
            "OBJ_154",
            "OBJ_155",
            "OBJ_156",
            "OBJ_157",
            "OBJ_158",
            "OBJ_159",
            "OBJ_160",
            "OBJ_161",
            "OBJ_162",
            "OBJ_163",
            "OBJ_164",
            "OBJ_165",
            "OBJ_166",
            "OBJ_167",
            "OBJ_168"
         );
         name = "SwiftSyntax";
         path = ".build/checkouts/swift-syntax.git-1503685302430809507/Sources/SwiftSyntax";
         sourceTree = "SOURCE_ROOT";
      };
      "OBJ_153" = {
         isa = "PBXFileReference";
         path = "AbsolutePosition.swift";
         sourceTree = "<group>";
      };
      "OBJ_154" = {
         isa = "PBXFileReference";
         path = "AtomicCache.swift";
         sourceTree = "<group>";
      };
      "OBJ_155" = {
         isa = "PBXFileReference";
         path = "Diagnostic.swift";
         sourceTree = "<group>";
      };
      "OBJ_156" = {
         isa = "PBXFileReference";
         path = "DiagnosticConsumer.swift";
         sourceTree = "<group>";
      };
      "OBJ_157" = {
         isa = "PBXFileReference";
         path = "DiagnosticEngine.swift";
         sourceTree = "<group>";
      };
      "OBJ_158" = {
         isa = "PBXFileReference";
         path = "JSONDiagnosticConsumer.swift";
         sourceTree = "<group>";
      };
      "OBJ_159" = {
         isa = "PBXFileReference";
         path = "PrintingDiagnosticConsumer.swift";
         sourceTree = "<group>";
      };
      "OBJ_16" = {
         isa = "PBXFileReference";
         path = "rewriter.swift";
         sourceTree = "<group>";
      };
      "OBJ_160" = {
         isa = "PBXFileReference";
         path = "RawSyntax.swift";
         sourceTree = "<group>";
      };
      "OBJ_161" = {
         isa = "PBXFileReference";
         path = "SourceLength.swift";
         sourceTree = "<group>";
      };
      "OBJ_162" = {
         isa = "PBXFileReference";
         path = "SourcePresence.swift";
         sourceTree = "<group>";
      };
      "OBJ_163" = {
         isa = "PBXFileReference";
         path = "SwiftSyntax.swift";
         sourceTree = "<group>";
      };
      "OBJ_164" = {
         isa = "PBXFileReference";
         path = "SwiftcInvocation.swift";
         sourceTree = "<group>";
      };
      "OBJ_165" = {
         isa = "PBXFileReference";
         path = "Syntax.swift";
         sourceTree = "<group>";
      };
      "OBJ_166" = {
         isa = "PBXFileReference";
         path = "SyntaxChildren.swift";
         sourceTree = "<group>";
      };
      "OBJ_167" = {
         isa = "PBXFileReference";
         path = "SyntaxData.swift";
         sourceTree = "<group>";
      };
      "OBJ_168" = {
         isa = "PBXGroup";
         children = (
            "OBJ_169",
            "OBJ_170",
            "OBJ_171",
            "OBJ_172",
            "OBJ_173",
            "OBJ_174",
            "OBJ_175",
            "OBJ_176"
         );
         name = "gyb_generated";
         path = "gyb_generated";
         sourceTree = "<group>";
      };
      "OBJ_169" = {
         isa = "PBXFileReference";
         path = "SyntaxBuilders.swift";
         sourceTree = "<group>";
      };
      "OBJ_17" = {
         isa = "PBXGroup";
         children = (
            "OBJ_18",
            "OBJ_21",
            "OBJ_27",
            "OBJ_28",
            "OBJ_32",
            "OBJ_59",
            "OBJ_62"
         );
         name = "SwiftRewriter";
         path = "Sources/SwiftRewriter";
         sourceTree = "SOURCE_ROOT";
      };
      "OBJ_170" = {
         isa = "PBXFileReference";
         path = "SyntaxCollections.swift";
         sourceTree = "<group>";
      };
      "OBJ_171" = {
         isa = "PBXFileReference";
         path = "SyntaxFactory.swift";
         sourceTree = "<group>";
      };
      "OBJ_172" = {
         isa = "PBXFileReference";
         path = "SyntaxKind.swift";
         sourceTree = "<group>";
      };
      "OBJ_173" = {
         isa = "PBXFileReference";
         path = "SyntaxNodes.swift";
         sourceTree = "<group>";
      };
      "OBJ_174" = {
         isa = "PBXFileReference";
         path = "SyntaxRewriter.swift";
         sourceTree = "<group>";
      };
      "OBJ_175" = {
         isa = "PBXFileReference";
         path = "TokenKind.swift";
         sourceTree = "<group>";
      };
      "OBJ_176" = {
         isa = "PBXFileReference";
         path = "Trivia.swift";
         sourceTree = "<group>";
      };
      "OBJ_177" = {
         isa = "PBXFileReference";
         explicitFileType = "sourcecode.swift";
         name = "Package.swift";
         path = "/Users/inamiy/projects/swift/sandbox/SwiftSyntax/SwiftSyntaxCollection/.build/checkouts/swift-syntax.git-1503685302430809507/Package.swift";
         sourceTree = "<group>";
      };
      "OBJ_178" = {
         isa = "PBXGroup";
         children = (
            "SwiftRewriter::swift-rewriter::Product",
            "Curry::Curry::Product",
            "Commandant::Commandant::Product",
            "Files::Files::Product",
            "SwiftSyntax::SwiftSyntax::Product",
            "SwiftRewriter::SwiftRewriter::Product",
            "Result::Result::Product",
            "SnapshotTesting::SnapshotTesting::Product",
            "SwiftRewriter::SwiftRewriterTests::Product"
         );
         name = "Products";
         path = "";
         sourceTree = "BUILT_PRODUCTS_DIR";
      };
      "OBJ_18" = {
         isa = "PBXGroup";
         children = (
            "OBJ_19",
            "OBJ_20"
         );
         name = "Debug";
         path = "Debug";
         sourceTree = "<group>";
      };
      "OBJ_189" = {
         isa = "XCConfigurationList";
         buildConfigurations = (
            "OBJ_190",
            "OBJ_191"
         );
         defaultConfigurationIsVisible = "0";
         defaultConfigurationName = "Release";
      };
      "OBJ_19" = {
         isa = "PBXFileReference";
         path = "DebugString.swift";
         sourceTree = "<group>";
      };
      "OBJ_190" = {
         isa = "XCBuildConfiguration";
         buildSettings = {
            ENABLE_TESTABILITY = "YES";
            FRAMEWORK_SEARCH_PATHS = (
               "$(inherited)",
               "$(PLATFORM_DIR)/Developer/Library/Frameworks"
            );
            HEADER_SEARCH_PATHS = (
               "$(inherited)"
            );
            INFOPLIST_FILE = "SwiftRewriter.xcodeproj/Commandant_Info.plist";
            LD_RUNPATH_SEARCH_PATHS = (
               "$(inherited)",
               "$(TOOLCHAIN_DIR)/usr/lib/swift/macosx"
            );
            OTHER_CFLAGS = (
               "$(inherited)"
            );
            OTHER_LDFLAGS = (
               "$(inherited)"
            );
            OTHER_SWIFT_FLAGS = (
               "$(inherited)"
            );
            PRODUCT_BUNDLE_IDENTIFIER = "Commandant";
            PRODUCT_MODULE_NAME = "$(TARGET_NAME:c99extidentifier)";
            PRODUCT_NAME = "$(TARGET_NAME:c99extidentifier)";
            SKIP_INSTALL = "YES";
            SWIFT_ACTIVE_COMPILATION_CONDITIONS = (
               "$(inherited)"
            );
            SWIFT_VERSION = "4.0";
            TARGET_NAME = "Commandant";
         };
         name = "Debug";
      };
      "OBJ_191" = {
         isa = "XCBuildConfiguration";
         buildSettings = {
            ENABLE_TESTABILITY = "YES";
            FRAMEWORK_SEARCH_PATHS = (
               "$(inherited)",
               "$(PLATFORM_DIR)/Developer/Library/Frameworks"
            );
            HEADER_SEARCH_PATHS = (
               "$(inherited)"
            );
            INFOPLIST_FILE = "SwiftRewriter.xcodeproj/Commandant_Info.plist";
            LD_RUNPATH_SEARCH_PATHS = (
               "$(inherited)",
               "$(TOOLCHAIN_DIR)/usr/lib/swift/macosx"
            );
            OTHER_CFLAGS = (
               "$(inherited)"
            );
            OTHER_LDFLAGS = (
               "$(inherited)"
            );
            OTHER_SWIFT_FLAGS = (
               "$(inherited)"
            );
            PRODUCT_BUNDLE_IDENTIFIER = "Commandant";
            PRODUCT_MODULE_NAME = "$(TARGET_NAME:c99extidentifier)";
            PRODUCT_NAME = "$(TARGET_NAME:c99extidentifier)";
            SKIP_INSTALL = "YES";
            SWIFT_ACTIVE_COMPILATION_CONDITIONS = (
               "$(inherited)"
            );
            SWIFT_VERSION = "4.0";
            TARGET_NAME = "Commandant";
         };
         name = "Release";
      };
      "OBJ_192" = {
         isa = "PBXSourcesBuildPhase";
         files = (
            "OBJ_193",
            "OBJ_194",
            "OBJ_195",
            "OBJ_196",
            "OBJ_197",
            "OBJ_198",
            "OBJ_199",
            "OBJ_200",
            "OBJ_201"
         );
      };
      "OBJ_193" = {
         isa = "PBXBuildFile";
         fileRef = "OBJ_134";
      };
      "OBJ_194" = {
         isa = "PBXBuildFile";
         fileRef = "OBJ_135";
      };
      "OBJ_195" = {
         isa = "PBXBuildFile";
         fileRef = "OBJ_136";
      };
      "OBJ_196" = {
         isa = "PBXBuildFile";
         fileRef = "OBJ_137";
      };
      "OBJ_197" = {
         isa = "PBXBuildFile";
         fileRef = "OBJ_138";
      };
      "OBJ_198" = {
         isa = "PBXBuildFile";
         fileRef = "OBJ_139";
      };
      "OBJ_199" = {
         isa = "PBXBuildFile";
         fileRef = "OBJ_140";
      };
      "OBJ_2" = {
         isa = "XCConfigurationList";
         buildConfigurations = (
            "OBJ_3",
            "OBJ_4"
         );
         defaultConfigurationIsVisible = "0";
         defaultConfigurationName = "Release";
      };
      "OBJ_20" = {
         isa = "PBXFileReference";
         path = "DebugTree.swift";
         sourceTree = "<group>";
      };
      "OBJ_200" = {
         isa = "PBXBuildFile";
         fileRef = "OBJ_141";
      };
      "OBJ_201" = {
         isa = "PBXBuildFile";
         fileRef = "OBJ_142";
      };
      "OBJ_202" = {
         isa = "PBXFrameworksBuildPhase";
         files = (
            "OBJ_203"
         );
      };
      "OBJ_203" = {
         isa = "PBXBuildFile";
         fileRef = "Result::Result::Product";
      };
      "OBJ_204" = {
         isa = "PBXTargetDependency";
         target = "Result::Result";
      };
      "OBJ_207" = {
         isa = "XCConfigurationList";
         buildConfigurations = (
            "OBJ_208",
            "OBJ_209"
         );
         defaultConfigurationIsVisible = "0";
         defaultConfigurationName = "Release";
      };
      "OBJ_208" = {
         isa = "XCBuildConfiguration";
         buildSettings = {
            LD = "/usr/bin/true";
            OTHER_SWIFT_FLAGS = (
               "-swift-version",
               "4",
               "-I",
               "$(TOOLCHAIN_DIR)/usr/lib/swift/pm/4",
               "-target",
               "x86_64-apple-macosx10.10",
               "-sdk",
               "/Applications/Xcode10.0.app/Contents/Developer/Platforms/MacOSX.platform/Developer/SDKs/MacOSX10.14.sdk"
            );
            SWIFT_VERSION = "4.0";
         };
         name = "Debug";
      };
      "OBJ_209" = {
         isa = "XCBuildConfiguration";
         buildSettings = {
            LD = "/usr/bin/true";
            OTHER_SWIFT_FLAGS = (
               "-swift-version",
               "4",
               "-I",
               "$(TOOLCHAIN_DIR)/usr/lib/swift/pm/4",
               "-target",
               "x86_64-apple-macosx10.10",
               "-sdk",
               "/Applications/Xcode10.0.app/Contents/Developer/Platforms/MacOSX.platform/Developer/SDKs/MacOSX10.14.sdk"
            );
            SWIFT_VERSION = "4.0";
         };
         name = "Release";
      };
      "OBJ_21" = {
         isa = "PBXGroup";
         children = (
            "OBJ_22",
            "OBJ_23",
            "OBJ_24",
            "OBJ_25",
            "OBJ_26"
         );
         name = "Extensions";
         path = "Extensions";
         sourceTree = "<group>";
      };
      "OBJ_210" = {
         isa = "PBXSourcesBuildPhase";
         files = (
            "OBJ_211"
         );
      };
      "OBJ_211" = {
         isa = "PBXBuildFile";
         fileRef = "OBJ_143";
      };
      "OBJ_213" = {
         isa = "XCConfigurationList";
         buildConfigurations = (
            "OBJ_214",
            "OBJ_215"
         );
         defaultConfigurationIsVisible = "0";
         defaultConfigurationName = "Release";
      };
      "OBJ_214" = {
         isa = "XCBuildConfiguration";
         buildSettings = {
            ENABLE_TESTABILITY = "YES";
            FRAMEWORK_SEARCH_PATHS = (
               "$(inherited)",
               "$(PLATFORM_DIR)/Developer/Library/Frameworks"
            );
            HEADER_SEARCH_PATHS = (
               "$(inherited)"
            );
            INFOPLIST_FILE = "SwiftRewriter.xcodeproj/Curry_Info.plist";
            LD_RUNPATH_SEARCH_PATHS = (
               "$(inherited)",
               "$(TOOLCHAIN_DIR)/usr/lib/swift/macosx"
            );
            OTHER_CFLAGS = (
               "$(inherited)"
            );
            OTHER_LDFLAGS = (
               "$(inherited)"
            );
            OTHER_SWIFT_FLAGS = (
               "$(inherited)"
            );
            PRODUCT_BUNDLE_IDENTIFIER = "Curry";
            PRODUCT_MODULE_NAME = "$(TARGET_NAME:c99extidentifier)";
            PRODUCT_NAME = "$(TARGET_NAME:c99extidentifier)";
            SKIP_INSTALL = "YES";
            SWIFT_ACTIVE_COMPILATION_CONDITIONS = (
               "$(inherited)"
            );
            SWIFT_VERSION = "3.0";
            TARGET_NAME = "Curry";
         };
         name = "Debug";
      };
      "OBJ_215" = {
         isa = "XCBuildConfiguration";
         buildSettings = {
            ENABLE_TESTABILITY = "YES";
            FRAMEWORK_SEARCH_PATHS = (
               "$(inherited)",
               "$(PLATFORM_DIR)/Developer/Library/Frameworks"
            );
            HEADER_SEARCH_PATHS = (
               "$(inherited)"
            );
            INFOPLIST_FILE = "SwiftRewriter.xcodeproj/Curry_Info.plist";
            LD_RUNPATH_SEARCH_PATHS = (
               "$(inherited)",
               "$(TOOLCHAIN_DIR)/usr/lib/swift/macosx"
            );
            OTHER_CFLAGS = (
               "$(inherited)"
            );
            OTHER_LDFLAGS = (
               "$(inherited)"
            );
            OTHER_SWIFT_FLAGS = (
               "$(inherited)"
            );
            PRODUCT_BUNDLE_IDENTIFIER = "Curry";
            PRODUCT_MODULE_NAME = "$(TARGET_NAME:c99extidentifier)";
            PRODUCT_NAME = "$(TARGET_NAME:c99extidentifier)";
            SKIP_INSTALL = "YES";
            SWIFT_ACTIVE_COMPILATION_CONDITIONS = (
               "$(inherited)"
            );
            SWIFT_VERSION = "3.0";
            TARGET_NAME = "Curry";
         };
         name = "Release";
      };
      "OBJ_216" = {
         isa = "PBXSourcesBuildPhase";
         files = (
            "OBJ_217"
         );
      };
      "OBJ_217" = {
         isa = "PBXBuildFile";
         fileRef = "OBJ_131";
      };
      "OBJ_218" = {
         isa = "PBXFrameworksBuildPhase";
         files = (
         );
      };
      "OBJ_22" = {
         isa = "PBXFileReference";
         path = "AbsolutePosition.swift";
         sourceTree = "<group>";
      };
      "OBJ_220" = {
         isa = "XCConfigurationList";
         buildConfigurations = (
            "OBJ_221",
            "OBJ_222"
         );
         defaultConfigurationIsVisible = "0";
         defaultConfigurationName = "Release";
      };
      "OBJ_221" = {
         isa = "XCBuildConfiguration";
         buildSettings = {
            LD = "/usr/bin/true";
            OTHER_SWIFT_FLAGS = (
               "-swift-version",
               "3",
               "-I",
               "$(TOOLCHAIN_DIR)/usr/lib/swift/pm/3",
               "-target",
               "x86_64-apple-macosx10.10",
               "-sdk",
               "/Applications/Xcode10.0.app/Contents/Developer/Platforms/MacOSX.platform/Developer/SDKs/MacOSX10.14.sdk"
            );
            SWIFT_VERSION = "3.0";
         };
         name = "Debug";
      };
      "OBJ_222" = {
         isa = "XCBuildConfiguration";
         buildSettings = {
            LD = "/usr/bin/true";
            OTHER_SWIFT_FLAGS = (
               "-swift-version",
               "3",
               "-I",
               "$(TOOLCHAIN_DIR)/usr/lib/swift/pm/3",
               "-target",
               "x86_64-apple-macosx10.10",
               "-sdk",
               "/Applications/Xcode10.0.app/Contents/Developer/Platforms/MacOSX.platform/Developer/SDKs/MacOSX10.14.sdk"
            );
            SWIFT_VERSION = "3.0";
         };
         name = "Release";
      };
      "OBJ_223" = {
         isa = "PBXSourcesBuildPhase";
         files = (
            "OBJ_224"
         );
      };
      "OBJ_224" = {
         isa = "PBXBuildFile";
         fileRef = "OBJ_130";
      };
      "OBJ_226" = {
         isa = "XCConfigurationList";
         buildConfigurations = (
            "OBJ_227",
            "OBJ_228"
         );
         defaultConfigurationIsVisible = "0";
         defaultConfigurationName = "Release";
      };
      "OBJ_227" = {
         isa = "XCBuildConfiguration";
         buildSettings = {
            ENABLE_TESTABILITY = "YES";
            FRAMEWORK_SEARCH_PATHS = (
               "$(inherited)",
               "$(PLATFORM_DIR)/Developer/Library/Frameworks"
            );
            HEADER_SEARCH_PATHS = (
               "$(inherited)"
            );
            INFOPLIST_FILE = "SwiftRewriter.xcodeproj/Files_Info.plist";
            LD_RUNPATH_SEARCH_PATHS = (
               "$(inherited)",
               "$(TOOLCHAIN_DIR)/usr/lib/swift/macosx"
            );
            OTHER_CFLAGS = (
               "$(inherited)"
            );
            OTHER_LDFLAGS = (
               "$(inherited)"
            );
            OTHER_SWIFT_FLAGS = (
               "$(inherited)"
            );
            PRODUCT_BUNDLE_IDENTIFIER = "Files";
            PRODUCT_MODULE_NAME = "$(TARGET_NAME:c99extidentifier)";
            PRODUCT_NAME = "$(TARGET_NAME:c99extidentifier)";
            SKIP_INSTALL = "YES";
            SWIFT_ACTIVE_COMPILATION_CONDITIONS = (
               "$(inherited)"
            );
            SWIFT_VERSION = "4.0";
            TARGET_NAME = "Files";
         };
         name = "Debug";
      };
      "OBJ_228" = {
         isa = "XCBuildConfiguration";
         buildSettings = {
            ENABLE_TESTABILITY = "YES";
            FRAMEWORK_SEARCH_PATHS = (
               "$(inherited)",
               "$(PLATFORM_DIR)/Developer/Library/Frameworks"
            );
            HEADER_SEARCH_PATHS = (
               "$(inherited)"
            );
            INFOPLIST_FILE = "SwiftRewriter.xcodeproj/Files_Info.plist";
            LD_RUNPATH_SEARCH_PATHS = (
               "$(inherited)",
               "$(TOOLCHAIN_DIR)/usr/lib/swift/macosx"
            );
            OTHER_CFLAGS = (
               "$(inherited)"
            );
            OTHER_LDFLAGS = (
               "$(inherited)"
            );
            OTHER_SWIFT_FLAGS = (
               "$(inherited)"
            );
            PRODUCT_BUNDLE_IDENTIFIER = "Files";
            PRODUCT_MODULE_NAME = "$(TARGET_NAME:c99extidentifier)";
            PRODUCT_NAME = "$(TARGET_NAME:c99extidentifier)";
            SKIP_INSTALL = "YES";
            SWIFT_ACTIVE_COMPILATION_CONDITIONS = (
               "$(inherited)"
            );
            SWIFT_VERSION = "4.0";
            TARGET_NAME = "Files";
         };
         name = "Release";
      };
      "OBJ_229" = {
         isa = "PBXSourcesBuildPhase";
         files = (
            "OBJ_230"
         );
      };
      "OBJ_23" = {
         isa = "PBXFileReference";
         path = "Basic.swift";
         sourceTree = "<group>";
      };
      "OBJ_230" = {
         isa = "PBXBuildFile";
         fileRef = "OBJ_128";
      };
      "OBJ_231" = {
         isa = "PBXFrameworksBuildPhase";
         files = (
         );
      };
      "OBJ_233" = {
         isa = "XCConfigurationList";
         buildConfigurations = (
            "OBJ_234",
            "OBJ_235"
         );
         defaultConfigurationIsVisible = "0";
         defaultConfigurationName = "Release";
      };
      "OBJ_234" = {
         isa = "XCBuildConfiguration";
         buildSettings = {
            LD = "/usr/bin/true";
            OTHER_SWIFT_FLAGS = (
               "-swift-version",
               "4",
               "-I",
               "$(TOOLCHAIN_DIR)/usr/lib/swift/pm/4",
               "-target",
               "x86_64-apple-macosx10.10",
               "-sdk",
               "/Applications/Xcode10.0.app/Contents/Developer/Platforms/MacOSX.platform/Developer/SDKs/MacOSX10.14.sdk"
            );
            SWIFT_VERSION = "4.0";
         };
         name = "Debug";
      };
      "OBJ_235" = {
         isa = "XCBuildConfiguration";
         buildSettings = {
            LD = "/usr/bin/true";
            OTHER_SWIFT_FLAGS = (
               "-swift-version",
               "4",
               "-I",
               "$(TOOLCHAIN_DIR)/usr/lib/swift/pm/4",
               "-target",
               "x86_64-apple-macosx10.10",
               "-sdk",
               "/Applications/Xcode10.0.app/Contents/Developer/Platforms/MacOSX.platform/Developer/SDKs/MacOSX10.14.sdk"
            );
            SWIFT_VERSION = "4.0";
         };
         name = "Release";
      };
      "OBJ_236" = {
         isa = "PBXSourcesBuildPhase";
         files = (
            "OBJ_237"
         );
      };
      "OBJ_237" = {
         isa = "PBXBuildFile";
         fileRef = "OBJ_127";
      };
      "OBJ_238" = {
         isa = "XCConfigurationList";
         buildConfigurations = (
            "OBJ_239",
            "OBJ_240"
         );
         defaultConfigurationIsVisible = "0";
         defaultConfigurationName = "Release";
      };
      "OBJ_239" = {
         isa = "XCBuildConfiguration";
         buildSettings = {
            ENABLE_TESTABILITY = "YES";
            FRAMEWORK_SEARCH_PATHS = (
               "$(inherited)",
               "$(PLATFORM_DIR)/Developer/Library/Frameworks"
            );
            HEADER_SEARCH_PATHS = (
               "$(inherited)"
            );
            INFOPLIST_FILE = "SwiftRewriter.xcodeproj/Result_Info.plist";
            LD_RUNPATH_SEARCH_PATHS = (
               "$(inherited)",
               "$(TOOLCHAIN_DIR)/usr/lib/swift/macosx"
            );
            OTHER_CFLAGS = (
               "$(inherited)"
            );
            OTHER_LDFLAGS = (
               "$(inherited)"
            );
            OTHER_SWIFT_FLAGS = (
               "$(inherited)"
            );
            PRODUCT_BUNDLE_IDENTIFIER = "Result";
            PRODUCT_MODULE_NAME = "$(TARGET_NAME:c99extidentifier)";
            PRODUCT_NAME = "$(TARGET_NAME:c99extidentifier)";
            SKIP_INSTALL = "YES";
            SWIFT_ACTIVE_COMPILATION_CONDITIONS = (
               "$(inherited)"
            );
            SWIFT_VERSION = "4.0";
            TARGET_NAME = "Result";
         };
         name = "Debug";
      };
      "OBJ_24" = {
         isa = "PBXFileReference";
         path = "Syntax.swift";
         sourceTree = "<group>";
      };
      "OBJ_240" = {
         isa = "XCBuildConfiguration";
         buildSettings = {
            ENABLE_TESTABILITY = "YES";
            FRAMEWORK_SEARCH_PATHS = (
               "$(inherited)",
               "$(PLATFORM_DIR)/Developer/Library/Frameworks"
            );
            HEADER_SEARCH_PATHS = (
               "$(inherited)"
            );
            INFOPLIST_FILE = "SwiftRewriter.xcodeproj/Result_Info.plist";
            LD_RUNPATH_SEARCH_PATHS = (
               "$(inherited)",
               "$(TOOLCHAIN_DIR)/usr/lib/swift/macosx"
            );
            OTHER_CFLAGS = (
               "$(inherited)"
            );
            OTHER_LDFLAGS = (
               "$(inherited)"
            );
            OTHER_SWIFT_FLAGS = (
               "$(inherited)"
            );
            PRODUCT_BUNDLE_IDENTIFIER = "Result";
            PRODUCT_MODULE_NAME = "$(TARGET_NAME:c99extidentifier)";
            PRODUCT_NAME = "$(TARGET_NAME:c99extidentifier)";
            SKIP_INSTALL = "YES";
            SWIFT_ACTIVE_COMPILATION_CONDITIONS = (
               "$(inherited)"
            );
            SWIFT_VERSION = "4.0";
            TARGET_NAME = "Result";
         };
         name = "Release";
      };
      "OBJ_241" = {
         isa = "PBXSourcesBuildPhase";
         files = (
            "OBJ_242",
            "OBJ_243",
            "OBJ_244",
            "OBJ_245"
         );
      };
      "OBJ_242" = {
         isa = "PBXBuildFile";
         fileRef = "OBJ_146";
      };
      "OBJ_243" = {
         isa = "PBXBuildFile";
         fileRef = "OBJ_147";
      };
      "OBJ_244" = {
         isa = "PBXBuildFile";
         fileRef = "OBJ_148";
      };
      "OBJ_245" = {
         isa = "PBXBuildFile";
         fileRef = "OBJ_149";
      };
      "OBJ_246" = {
         isa = "PBXFrameworksBuildPhase";
         files = (
         );
      };
      "OBJ_248" = {
         isa = "XCConfigurationList";
         buildConfigurations = (
            "OBJ_249",
            "OBJ_250"
         );
         defaultConfigurationIsVisible = "0";
         defaultConfigurationName = "Release";
      };
      "OBJ_249" = {
         isa = "XCBuildConfiguration";
         buildSettings = {
            LD = "/usr/bin/true";
            OTHER_SWIFT_FLAGS = (
               "-swift-version",
               "4",
               "-I",
               "$(TOOLCHAIN_DIR)/usr/lib/swift/pm/4",
               "-target",
               "x86_64-apple-macosx10.10",
               "-sdk",
               "/Applications/Xcode10.0.app/Contents/Developer/Platforms/MacOSX.platform/Developer/SDKs/MacOSX10.14.sdk"
            );
            SWIFT_VERSION = "4.0";
         };
         name = "Debug";
      };
      "OBJ_25" = {
         isa = "PBXFileReference";
         path = "TokenSyntax.swift";
         sourceTree = "<group>";
      };
      "OBJ_250" = {
         isa = "XCBuildConfiguration";
         buildSettings = {
            LD = "/usr/bin/true";
            OTHER_SWIFT_FLAGS = (
               "-swift-version",
               "4",
               "-I",
               "$(TOOLCHAIN_DIR)/usr/lib/swift/pm/4",
               "-target",
               "x86_64-apple-macosx10.10",
               "-sdk",
               "/Applications/Xcode10.0.app/Contents/Developer/Platforms/MacOSX.platform/Developer/SDKs/MacOSX10.14.sdk"
            );
            SWIFT_VERSION = "4.0";
         };
         name = "Release";
      };
      "OBJ_251" = {
         isa = "PBXSourcesBuildPhase";
         files = (
            "OBJ_252"
         );
      };
      "OBJ_252" = {
         isa = "PBXBuildFile";
         fileRef = "OBJ_150";
      };
      "OBJ_254" = {
         isa = "XCConfigurationList";
         buildConfigurations = (
            "OBJ_255",
            "OBJ_256"
         );
         defaultConfigurationIsVisible = "0";
         defaultConfigurationName = "Release";
      };
      "OBJ_255" = {
         isa = "XCBuildConfiguration";
         buildSettings = {
            ENABLE_TESTABILITY = "YES";
            FRAMEWORK_SEARCH_PATHS = (
               "$(inherited)",
               "$(PLATFORM_DIR)/Developer/Library/Frameworks"
            );
            HEADER_SEARCH_PATHS = (
               "$(inherited)"
            );
            INFOPLIST_FILE = "SwiftRewriter.xcodeproj/SnapshotTesting_Info.plist";
            LD_RUNPATH_SEARCH_PATHS = (
               "$(inherited)",
               "$(TOOLCHAIN_DIR)/usr/lib/swift/macosx"
            );
            OTHER_CFLAGS = (
               "$(inherited)"
            );
            OTHER_LDFLAGS = (
               "$(inherited)"
            );
            OTHER_SWIFT_FLAGS = (
               "$(inherited)"
            );
            PRODUCT_BUNDLE_IDENTIFIER = "SnapshotTesting";
            PRODUCT_MODULE_NAME = "$(TARGET_NAME:c99extidentifier)";
            PRODUCT_NAME = "$(TARGET_NAME:c99extidentifier)";
            SKIP_INSTALL = "YES";
            SWIFT_ACTIVE_COMPILATION_CONDITIONS = (
               "$(inherited)"
            );
            SWIFT_VERSION = "4.2";
            TARGET_NAME = "SnapshotTesting";
         };
         name = "Debug";
      };
      "OBJ_256" = {
         isa = "XCBuildConfiguration";
         buildSettings = {
            ENABLE_TESTABILITY = "YES";
            FRAMEWORK_SEARCH_PATHS = (
               "$(inherited)",
               "$(PLATFORM_DIR)/Developer/Library/Frameworks"
            );
            HEADER_SEARCH_PATHS = (
               "$(inherited)"
            );
            INFOPLIST_FILE = "SwiftRewriter.xcodeproj/SnapshotTesting_Info.plist";
            LD_RUNPATH_SEARCH_PATHS = (
               "$(inherited)",
               "$(TOOLCHAIN_DIR)/usr/lib/swift/macosx"
            );
            OTHER_CFLAGS = (
               "$(inherited)"
            );
            OTHER_LDFLAGS = (
               "$(inherited)"
            );
            OTHER_SWIFT_FLAGS = (
               "$(inherited)"
            );
            PRODUCT_BUNDLE_IDENTIFIER = "SnapshotTesting";
            PRODUCT_MODULE_NAME = "$(TARGET_NAME:c99extidentifier)";
            PRODUCT_NAME = "$(TARGET_NAME:c99extidentifier)";
            SKIP_INSTALL = "YES";
            SWIFT_ACTIVE_COMPILATION_CONDITIONS = (
               "$(inherited)"
            );
            SWIFT_VERSION = "4.2";
            TARGET_NAME = "SnapshotTesting";
         };
         name = "Release";
      };
      "OBJ_257" = {
         isa = "PBXSourcesBuildPhase";
         files = (
            "OBJ_258",
            "OBJ_259",
            "OBJ_260",
            "OBJ_261",
            "OBJ_262",
            "OBJ_263",
            "OBJ_264",
            "OBJ_265",
            "OBJ_266",
            "OBJ_267",
            "OBJ_268",
            "OBJ_269",
            "OBJ_270",
            "OBJ_271",
            "OBJ_272",
            "OBJ_273",
            "OBJ_274",
            "OBJ_275",
            "OBJ_276",
            "OBJ_277",
            "OBJ_278",
            "OBJ_279",
            "OBJ_280",
            "OBJ_281"
         );
      };
      "OBJ_258" = {
         isa = "PBXBuildFile";
         fileRef = "OBJ_99";
      };
      "OBJ_259" = {
         isa = "PBXBuildFile";
         fileRef = "OBJ_100";
      };
      "OBJ_26" = {
         isa = "PBXFileReference";
         path = "Trivia.swift";
         sourceTree = "<group>";
      };
      "OBJ_260" = {
         isa = "PBXBuildFile";
         fileRef = "OBJ_101";
      };
      "OBJ_261" = {
         isa = "PBXBuildFile";
         fileRef = "OBJ_102";
      };
      "OBJ_262" = {
         isa = "PBXBuildFile";
         fileRef = "OBJ_103";
      };
      "OBJ_263" = {
         isa = "PBXBuildFile";
         fileRef = "OBJ_104";
      };
      "OBJ_264" = {
         isa = "PBXBuildFile";
         fileRef = "OBJ_105";
      };
      "OBJ_265" = {
         isa = "PBXBuildFile";
         fileRef = "OBJ_107";
      };
      "OBJ_266" = {
         isa = "PBXBuildFile";
         fileRef = "OBJ_108";
      };
      "OBJ_267" = {
         isa = "PBXBuildFile";
         fileRef = "OBJ_109";
      };
      "OBJ_268" = {
         isa = "PBXBuildFile";
         fileRef = "OBJ_110";
      };
      "OBJ_269" = {
         isa = "PBXBuildFile";
         fileRef = "OBJ_111";
      };
      "OBJ_27" = {
         isa = "PBXFileReference";
         path = "Operators.swift";
         sourceTree = "<group>";
      };
      "OBJ_270" = {
         isa = "PBXBuildFile";
         fileRef = "OBJ_112";
      };
      "OBJ_271" = {
         isa = "PBXBuildFile";
         fileRef = "OBJ_113";
      };
      "OBJ_272" = {
         isa = "PBXBuildFile";
         fileRef = "OBJ_114";
      };
      "OBJ_273" = {
         isa = "PBXBuildFile";
         fileRef = "OBJ_115";
      };
      "OBJ_274" = {
         isa = "PBXBuildFile";
         fileRef = "OBJ_116";
      };
      "OBJ_275" = {
         isa = "PBXBuildFile";
         fileRef = "OBJ_117";
      };
      "OBJ_276" = {
         isa = "PBXBuildFile";
         fileRef = "OBJ_118";
      };
      "OBJ_277" = {
         isa = "PBXBuildFile";
         fileRef = "OBJ_119";
      };
      "OBJ_278" = {
         isa = "PBXBuildFile";
         fileRef = "OBJ_120";
      };
      "OBJ_279" = {
         isa = "PBXBuildFile";
         fileRef = "OBJ_122";
      };
      "OBJ_28" = {
         isa = "PBXGroup";
         children = (
            "OBJ_29",
            "OBJ_30",
            "OBJ_31"
         );
         name = "Protocols";
         path = "Protocols";
         sourceTree = "<group>";
      };
      "OBJ_280" = {
         isa = "PBXBuildFile";
         fileRef = "OBJ_123";
      };
      "OBJ_281" = {
         isa = "PBXBuildFile";
         fileRef = "OBJ_124";
      };
      "OBJ_282" = {
         isa = "PBXFrameworksBuildPhase";
         files = (
         );
      };
      "OBJ_284" = {
         isa = "XCConfigurationList";
         buildConfigurations = (
            "OBJ_285",
            "OBJ_286"
         );
         defaultConfigurationIsVisible = "0";
         defaultConfigurationName = "Release";
      };
      "OBJ_285" = {
         isa = "XCBuildConfiguration";
         buildSettings = {
            LD = "/usr/bin/true";
            OTHER_SWIFT_FLAGS = (
               "-swift-version",
               "4.2",
               "-I",
               "$(TOOLCHAIN_DIR)/usr/lib/swift/pm/4_2",
               "-target",
               "x86_64-apple-macosx10.10",
               "-sdk",
               "/Applications/Xcode10.0.app/Contents/Developer/Platforms/MacOSX.platform/Developer/SDKs/MacOSX10.14.sdk"
            );
            SWIFT_VERSION = "4.2";
         };
         name = "Debug";
      };
      "OBJ_286" = {
         isa = "XCBuildConfiguration";
         buildSettings = {
            LD = "/usr/bin/true";
            OTHER_SWIFT_FLAGS = (
               "-swift-version",
               "4.2",
               "-I",
               "$(TOOLCHAIN_DIR)/usr/lib/swift/pm/4_2",
               "-target",
               "x86_64-apple-macosx10.10",
               "-sdk",
               "/Applications/Xcode10.0.app/Contents/Developer/Platforms/MacOSX.platform/Developer/SDKs/MacOSX10.14.sdk"
            );
            SWIFT_VERSION = "4.2";
         };
         name = "Release";
      };
      "OBJ_287" = {
         isa = "PBXSourcesBuildPhase";
         files = (
            "OBJ_288"
         );
      };
      "OBJ_288" = {
         isa = "PBXBuildFile";
         fileRef = "OBJ_125";
      };
      "OBJ_29" = {
         isa = "PBXFileReference";
         path = "HasRewriterExamples.swift";
         sourceTree = "<group>";
      };
      "OBJ_290" = {
         isa = "XCConfigurationList";
         buildConfigurations = (
            "OBJ_291",
            "OBJ_292"
         );
         defaultConfigurationIsVisible = "0";
         defaultConfigurationName = "Release";
      };
      "OBJ_291" = {
         isa = "XCBuildConfiguration";
         buildSettings = {
            ENABLE_TESTABILITY = "YES";
            FRAMEWORK_SEARCH_PATHS = (
               "$(inherited)",
               "$(PLATFORM_DIR)/Developer/Library/Frameworks"
            );
            HEADER_SEARCH_PATHS = (
               "$(inherited)"
            );
            INFOPLIST_FILE = "SwiftRewriter.xcodeproj/SwiftRewriter_Info.plist";
            LD_RUNPATH_SEARCH_PATHS = (
               "$(inherited)",
               "$(TOOLCHAIN_DIR)/usr/lib/swift/macosx"
            );
            OTHER_CFLAGS = (
               "$(inherited)"
            );
            OTHER_LDFLAGS = (
               "$(inherited)"
            );
            OTHER_SWIFT_FLAGS = (
               "$(inherited)"
            );
            PRODUCT_BUNDLE_IDENTIFIER = "SwiftRewriter";
            PRODUCT_MODULE_NAME = "$(TARGET_NAME:c99extidentifier)";
            PRODUCT_NAME = "$(TARGET_NAME:c99extidentifier)";
            SKIP_INSTALL = "YES";
            SWIFT_ACTIVE_COMPILATION_CONDITIONS = (
               "$(inherited)"
            );
            SWIFT_VERSION = "4.2";
            TARGET_NAME = "SwiftRewriter";
         };
         name = "Debug";
      };
      "OBJ_292" = {
         isa = "XCBuildConfiguration";
         buildSettings = {
            ENABLE_TESTABILITY = "YES";
            FRAMEWORK_SEARCH_PATHS = (
               "$(inherited)",
               "$(PLATFORM_DIR)/Developer/Library/Frameworks"
            );
            HEADER_SEARCH_PATHS = (
               "$(inherited)"
            );
            INFOPLIST_FILE = "SwiftRewriter.xcodeproj/SwiftRewriter_Info.plist";
            LD_RUNPATH_SEARCH_PATHS = (
               "$(inherited)",
               "$(TOOLCHAIN_DIR)/usr/lib/swift/macosx"
            );
            OTHER_CFLAGS = (
               "$(inherited)"
            );
            OTHER_LDFLAGS = (
               "$(inherited)"
            );
            OTHER_SWIFT_FLAGS = (
               "$(inherited)"
            );
            PRODUCT_BUNDLE_IDENTIFIER = "SwiftRewriter";
            PRODUCT_MODULE_NAME = "$(TARGET_NAME:c99extidentifier)";
            PRODUCT_NAME = "$(TARGET_NAME:c99extidentifier)";
            SKIP_INSTALL = "YES";
            SWIFT_ACTIVE_COMPILATION_CONDITIONS = (
               "$(inherited)"
            );
            SWIFT_VERSION = "4.2";
            TARGET_NAME = "SwiftRewriter";
         };
         name = "Release";
      };
      "OBJ_293" = {
         isa = "PBXSourcesBuildPhase";
         files = (
            "OBJ_294",
            "OBJ_295",
            "OBJ_296",
            "OBJ_297",
            "OBJ_298",
            "OBJ_299",
            "OBJ_300",
            "OBJ_301",
            "OBJ_302",
            "OBJ_303",
            "OBJ_304",
            "OBJ_305",
            "OBJ_306",
            "OBJ_307",
            "OBJ_308",
            "OBJ_309",
            "OBJ_310",
            "OBJ_311",
            "OBJ_312",
            "OBJ_313",
            "OBJ_314",
            "OBJ_315",
            "OBJ_316",
            "OBJ_317",
            "OBJ_318",
            "OBJ_319",
            "OBJ_320",
            "OBJ_321",
            "OBJ_322",
            "OBJ_323",
            "OBJ_324",
            "OBJ_325",
            "OBJ_326",
            "OBJ_327",
            "OBJ_328"
         );
      };
      "OBJ_294" = {
         isa = "PBXBuildFile";
         fileRef = "OBJ_19";
      };
      "OBJ_295" = {
         isa = "PBXBuildFile";
         fileRef = "OBJ_20";
      };
      "OBJ_296" = {
         isa = "PBXBuildFile";
         fileRef = "OBJ_22";
      };
      "OBJ_297" = {
         isa = "PBXBuildFile";
         fileRef = "OBJ_23";
      };
      "OBJ_298" = {
         isa = "PBXBuildFile";
         fileRef = "OBJ_24";
      };
      "OBJ_299" = {
         isa = "PBXBuildFile";
         fileRef = "OBJ_25";
      };
      "OBJ_3" = {
         isa = "XCBuildConfiguration";
         buildSettings = {
            CLANG_ENABLE_OBJC_ARC = "YES";
            COMBINE_HIDPI_IMAGES = "YES";
            COPY_PHASE_STRIP = "NO";
            DEBUG_INFORMATION_FORMAT = "dwarf";
            DYLIB_INSTALL_NAME_BASE = "@rpath";
            ENABLE_NS_ASSERTIONS = "YES";
            GCC_OPTIMIZATION_LEVEL = "0";
            GCC_PREPROCESSOR_DEFINITIONS = (
               "DEBUG=1",
               "$(inherited)"
            );
            MACOSX_DEPLOYMENT_TARGET = "10.10";
            ONLY_ACTIVE_ARCH = "YES";
            OTHER_SWIFT_FLAGS = (
               "-DXcode"
            );
            PRODUCT_NAME = "$(TARGET_NAME)";
            SDKROOT = "macosx";
            SUPPORTED_PLATFORMS = (
               "macosx",
               "iphoneos",
               "iphonesimulator",
               "appletvos",
               "appletvsimulator",
               "watchos",
               "watchsimulator"
            );
            SWIFT_ACTIVE_COMPILATION_CONDITIONS = (
               "SWIFT_PACKAGE",
               "DEBUG"
            );
            SWIFT_OPTIMIZATION_LEVEL = "-Onone";
            USE_HEADERMAP = "NO";
         };
         name = "Debug";
      };
      "OBJ_30" = {
         isa = "PBXFileReference";
         path = "Protocols.swift";
         sourceTree = "<group>";
      };
      "OBJ_300" = {
         isa = "PBXBuildFile";
         fileRef = "OBJ_26";
      };
      "OBJ_301" = {
         isa = "PBXBuildFile";
         fileRef = "OBJ_27";
      };
      "OBJ_302" = {
         isa = "PBXBuildFile";
         fileRef = "OBJ_29";
      };
      "OBJ_303" = {
         isa = "PBXBuildFile";
         fileRef = "OBJ_30";
      };
      "OBJ_304" = {
         isa = "PBXBuildFile";
         fileRef = "OBJ_31";
      };
      "OBJ_305" = {
         isa = "PBXBuildFile";
         fileRef = "OBJ_33";
      };
      "OBJ_306" = {
         isa = "PBXBuildFile";
         fileRef = "OBJ_35";
      };
      "OBJ_307" = {
         isa = "PBXBuildFile";
         fileRef = "OBJ_37";
      };
      "OBJ_308" = {
         isa = "PBXBuildFile";
         fileRef = "OBJ_39";
      };
      "OBJ_309" = {
         isa = "PBXBuildFile";
         fileRef = "OBJ_41";
      };
      "OBJ_31" = {
         isa = "PBXFileReference";
         path = "SyntaxRewriterProtocol.swift";
         sourceTree = "<group>";
      };
      "OBJ_310" = {
         isa = "PBXBuildFile";
         fileRef = "OBJ_42";
      };
      "OBJ_311" = {
         isa = "PBXBuildFile";
         fileRef = "OBJ_44";
      };
      "OBJ_312" = {
         isa = "PBXBuildFile";
         fileRef = "OBJ_45";
      };
      "OBJ_313" = {
         isa = "PBXBuildFile";
         fileRef = "OBJ_47";
      };
      "OBJ_314" = {
         isa = "PBXBuildFile";
         fileRef = "OBJ_48";
      };
      "OBJ_315" = {
         isa = "PBXBuildFile";
         fileRef = "OBJ_50";
      };
      "OBJ_316" = {
         isa = "PBXBuildFile";
         fileRef = "OBJ_51";
      };
      "OBJ_317" = {
         isa = "PBXBuildFile";
         fileRef = "OBJ_52";
      };
      "OBJ_318" = {
         isa = "PBXBuildFile";
         fileRef = "OBJ_53";
      };
      "OBJ_319" = {
         isa = "PBXBuildFile";
         fileRef = "OBJ_54";
      };
      "OBJ_32" = {
         isa = "PBXGroup";
         children = (
            "OBJ_33",
            "OBJ_34",
            "OBJ_36",
            "OBJ_38",
            "OBJ_43",
            "OBJ_46",
            "OBJ_49"
         );
         name = "Rewriters";
         path = "Rewriters";
         sourceTree = "<group>";
      };
      "OBJ_320" = {
         isa = "PBXBuildFile";
         fileRef = "OBJ_55";
      };
      "OBJ_321" = {
         isa = "PBXBuildFile";
         fileRef = "OBJ_56";
      };
      "OBJ_322" = {
         isa = "PBXBuildFile";
         fileRef = "OBJ_57";
      };
      "OBJ_323" = {
         isa = "PBXBuildFile";
         fileRef = "OBJ_58";
      };
      "OBJ_324" = {
         isa = "PBXBuildFile";
         fileRef = "OBJ_60";
      };
      "OBJ_325" = {
         isa = "PBXBuildFile";
         fileRef = "OBJ_61";
      };
      "OBJ_326" = {
         isa = "PBXBuildFile";
         fileRef = "OBJ_63";
      };
      "OBJ_327" = {
         isa = "PBXBuildFile";
         fileRef = "OBJ_64";
      };
      "OBJ_328" = {
         isa = "PBXBuildFile";
         fileRef = "OBJ_65";
      };
      "OBJ_329" = {
         isa = "PBXFrameworksBuildPhase";
         files = (
            "OBJ_330"
         );
      };
      "OBJ_33" = {
         isa = "PBXFileReference";
         path = "BugFixer.swift";
         sourceTree = "<group>";
      };
      "OBJ_330" = {
         isa = "PBXBuildFile";
         fileRef = "SwiftSyntax::SwiftSyntax::Product";
      };
      "OBJ_331" = {
         isa = "PBXTargetDependency";
         target = "SwiftSyntax::SwiftSyntax";
      };
      "OBJ_334" = {
         isa = "XCConfigurationList";
         buildConfigurations = (
            "OBJ_335",
            "OBJ_336"
         );
         defaultConfigurationIsVisible = "0";
         defaultConfigurationName = "Release";
      };
      "OBJ_335" = {
         isa = "XCBuildConfiguration";
         buildSettings = {
            LD = "/usr/bin/true";
            OTHER_SWIFT_FLAGS = (
               "-swift-version",
               "4.2",
               "-I",
               "$(TOOLCHAIN_DIR)/usr/lib/swift/pm/4_2",
               "-target",
               "x86_64-apple-macosx10.10",
               "-sdk",
               "/Applications/Xcode10.0.app/Contents/Developer/Platforms/MacOSX.platform/Developer/SDKs/MacOSX10.14.sdk"
            );
            SWIFT_VERSION = "4.2";
         };
         name = "Debug";
      };
      "OBJ_336" = {
         isa = "XCBuildConfiguration";
         buildSettings = {
            LD = "/usr/bin/true";
            OTHER_SWIFT_FLAGS = (
               "-swift-version",
               "4.2",
               "-I",
               "$(TOOLCHAIN_DIR)/usr/lib/swift/pm/4_2",
               "-target",
               "x86_64-apple-macosx10.10",
               "-sdk",
               "/Applications/Xcode10.0.app/Contents/Developer/Platforms/MacOSX.platform/Developer/SDKs/MacOSX10.14.sdk"
            );
            SWIFT_VERSION = "4.2";
         };
         name = "Release";
      };
      "OBJ_337" = {
         isa = "PBXSourcesBuildPhase";
         files = (
            "OBJ_338"
         );
      };
      "OBJ_338" = {
         isa = "PBXBuildFile";
         fileRef = "OBJ_6";
      };
      "OBJ_34" = {
         isa = "PBXGroup";
         children = (
            "OBJ_35"
         );
         name = "Comment";
         path = "Comment";
         sourceTree = "<group>";
      };
      "OBJ_340" = {
         isa = "XCConfigurationList";
         buildConfigurations = (
            "OBJ_341",
            "OBJ_342"
         );
         defaultConfigurationIsVisible = "0";
         defaultConfigurationName = "Release";
      };
      "OBJ_341" = {
         isa = "XCBuildConfiguration";
         buildSettings = {
         };
         name = "Debug";
      };
      "OBJ_342" = {
         isa = "XCBuildConfiguration";
         buildSettings = {
         };
         name = "Release";
      };
      "OBJ_343" = {
         isa = "PBXTargetDependency";
         target = "SwiftRewriter::SwiftRewriterTests";
      };
      "OBJ_345" = {
         isa = "XCConfigurationList";
         buildConfigurations = (
            "OBJ_346",
            "OBJ_347"
         );
         defaultConfigurationIsVisible = "0";
         defaultConfigurationName = "Release";
      };
      "OBJ_346" = {
         isa = "XCBuildConfiguration";
         buildSettings = {
            CLANG_ENABLE_MODULES = "YES";
            EMBEDDED_CONTENT_CONTAINS_SWIFT = "YES";
            FRAMEWORK_SEARCH_PATHS = (
               "$(inherited)",
               "$(PLATFORM_DIR)/Developer/Library/Frameworks"
            );
            HEADER_SEARCH_PATHS = (
               "$(inherited)"
            );
            INFOPLIST_FILE = "SwiftRewriter.xcodeproj/SwiftRewriterTests_Info.plist";
            LD_RUNPATH_SEARCH_PATHS = (
               "$(inherited)",
               "@loader_path/../Frameworks",
               "@loader_path/Frameworks"
            );
            OTHER_CFLAGS = (
               "$(inherited)"
            );
            OTHER_LDFLAGS = (
               "$(inherited)"
            );
            OTHER_SWIFT_FLAGS = (
               "$(inherited)"
            );
            SWIFT_ACTIVE_COMPILATION_CONDITIONS = (
               "$(inherited)"
            );
            SWIFT_VERSION = "4.2";
            TARGET_NAME = "SwiftRewriterTests";
         };
         name = "Debug";
      };
      "OBJ_347" = {
         isa = "XCBuildConfiguration";
         buildSettings = {
            CLANG_ENABLE_MODULES = "YES";
            EMBEDDED_CONTENT_CONTAINS_SWIFT = "YES";
            FRAMEWORK_SEARCH_PATHS = (
               "$(inherited)",
               "$(PLATFORM_DIR)/Developer/Library/Frameworks"
            );
            HEADER_SEARCH_PATHS = (
               "$(inherited)"
            );
            INFOPLIST_FILE = "SwiftRewriter.xcodeproj/SwiftRewriterTests_Info.plist";
            LD_RUNPATH_SEARCH_PATHS = (
               "$(inherited)",
               "@loader_path/../Frameworks",
               "@loader_path/Frameworks"
            );
            OTHER_CFLAGS = (
               "$(inherited)"
            );
            OTHER_LDFLAGS = (
               "$(inherited)"
            );
            OTHER_SWIFT_FLAGS = (
               "$(inherited)"
            );
            SWIFT_ACTIVE_COMPILATION_CONDITIONS = (
               "$(inherited)"
            );
            SWIFT_VERSION = "4.2";
            TARGET_NAME = "SwiftRewriterTests";
         };
         name = "Release";
      };
      "OBJ_348" = {
         isa = "PBXSourcesBuildPhase";
         files = (
            "OBJ_349",
            "OBJ_350",
            "OBJ_351",
            "OBJ_352",
            "OBJ_353",
            "OBJ_354",
            "OBJ_355",
            "OBJ_356",
            "OBJ_357",
            "OBJ_358",
            "OBJ_359",
            "OBJ_360",
            "OBJ_361",
            "OBJ_362",
            "OBJ_363",
            "OBJ_364",
            "OBJ_365",
            "OBJ_366",
            "OBJ_367",
            "OBJ_368",
            "OBJ_369"
         );
      };
      "OBJ_349" = {
         isa = "PBXBuildFile";
         fileRef = "OBJ_69";
      };
      "OBJ_35" = {
         isa = "PBXFileReference";
         path = "HeaderCopyrightTrimmer.swift";
         sourceTree = "<group>";
      };
      "OBJ_350" = {
         isa = "PBXBuildFile";
         fileRef = "OBJ_71";
      };
      "OBJ_351" = {
         isa = "PBXBuildFile";
         fileRef = "OBJ_73";
      };
      "OBJ_352" = {
         isa = "PBXBuildFile";
         fileRef = "OBJ_75";
      };
      "OBJ_353" = {
         isa = "PBXBuildFile";
         fileRef = "OBJ_76";
      };
      "OBJ_354" = {
         isa = "PBXBuildFile";
         fileRef = "OBJ_77";
      };
      "OBJ_355" = {
         isa = "PBXBuildFile";
         fileRef = "OBJ_79";
      };
      "OBJ_356" = {
         isa = "PBXBuildFile";
         fileRef = "OBJ_80";
      };
      "OBJ_357" = {
         isa = "PBXBuildFile";
         fileRef = "OBJ_82";
      };
      "OBJ_358" = {
         isa = "PBXBuildFile";
         fileRef = "OBJ_83";
      };
      "OBJ_359" = {
         isa = "PBXBuildFile";
         fileRef = "OBJ_85";
      };
      "OBJ_36" = {
         isa = "PBXGroup";
         children = (
            "OBJ_37"
         );
         name = "Common";
         path = "Common";
         sourceTree = "<group>";
      };
      "OBJ_360" = {
         isa = "PBXBuildFile";
         fileRef = "OBJ_86";
      };
      "OBJ_361" = {
         isa = "PBXBuildFile";
         fileRef = "OBJ_87";
      };
      "OBJ_362" = {
         isa = "PBXBuildFile";
         fileRef = "OBJ_88";
      };
      "OBJ_363" = {
         isa = "PBXBuildFile";
         fileRef = "OBJ_89";
      };
      "OBJ_364" = {
         isa = "PBXBuildFile";
         fileRef = "OBJ_90";
      };
      "OBJ_365" = {
         isa = "PBXBuildFile";
         fileRef = "OBJ_91";
      };
      "OBJ_366" = {
         isa = "PBXBuildFile";
         fileRef = "OBJ_92";
      };
      "OBJ_367" = {
         isa = "PBXBuildFile";
         fileRef = "OBJ_93";
      };
      "OBJ_368" = {
         isa = "PBXBuildFile";
         fileRef = "OBJ_94";
      };
      "OBJ_369" = {
         isa = "PBXBuildFile";
         fileRef = "OBJ_95";
      };
      "OBJ_37" = {
         isa = "PBXFileReference";
         path = "FirstTokenRewriter.swift";
         sourceTree = "<group>";
      };
      "OBJ_370" = {
         isa = "PBXFrameworksBuildPhase";
         files = (
            "OBJ_371",
            "OBJ_372",
            "OBJ_373"
         );
      };
      "OBJ_371" = {
         isa = "PBXBuildFile";
         fileRef = "SnapshotTesting::SnapshotTesting::Product";
      };
      "OBJ_372" = {
         isa = "PBXBuildFile";
         fileRef = "SwiftRewriter::SwiftRewriter::Product";
      };
      "OBJ_373" = {
         isa = "PBXBuildFile";
         fileRef = "SwiftSyntax::SwiftSyntax::Product";
      };
      "OBJ_374" = {
         isa = "PBXTargetDependency";
         target = "SnapshotTesting::SnapshotTesting";
      };
      "OBJ_375" = {
         isa = "PBXTargetDependency";
         target = "SwiftRewriter::SwiftRewriter";
      };
      "OBJ_376" = {
         isa = "PBXTargetDependency";
         target = "SwiftSyntax::SwiftSyntax";
      };
      "OBJ_377" = {
         isa = "XCConfigurationList";
         buildConfigurations = (
            "OBJ_378",
            "OBJ_379"
         );
         defaultConfigurationIsVisible = "0";
         defaultConfigurationName = "Release";
      };
      "OBJ_378" = {
         isa = "XCBuildConfiguration";
         buildSettings = {
            ENABLE_TESTABILITY = "YES";
            FRAMEWORK_SEARCH_PATHS = (
               "$(inherited)",
               "$(PLATFORM_DIR)/Developer/Library/Frameworks"
            );
            HEADER_SEARCH_PATHS = (
               "$(inherited)"
            );
            INFOPLIST_FILE = "SwiftRewriter.xcodeproj/SwiftSyntax_Info.plist";
            LD_RUNPATH_SEARCH_PATHS = (
               "$(inherited)",
               "$(TOOLCHAIN_DIR)/usr/lib/swift/macosx"
            );
            OTHER_CFLAGS = (
               "$(inherited)"
            );
            OTHER_LDFLAGS = (
               "$(inherited)"
            );
            OTHER_SWIFT_FLAGS = (
               "$(inherited)"
            );
            PRODUCT_BUNDLE_IDENTIFIER = "SwiftSyntax";
            PRODUCT_MODULE_NAME = "$(TARGET_NAME:c99extidentifier)";
            PRODUCT_NAME = "$(TARGET_NAME:c99extidentifier)";
            SKIP_INSTALL = "YES";
            SWIFT_ACTIVE_COMPILATION_CONDITIONS = (
               "$(inherited)"
            );
            SWIFT_VERSION = "4.2";
            TARGET_NAME = "SwiftSyntax";
         };
         name = "Debug";
      };
      "OBJ_379" = {
         isa = "XCBuildConfiguration";
         buildSettings = {
            ENABLE_TESTABILITY = "YES";
            FRAMEWORK_SEARCH_PATHS = (
               "$(inherited)",
               "$(PLATFORM_DIR)/Developer/Library/Frameworks"
            );
            HEADER_SEARCH_PATHS = (
               "$(inherited)"
            );
            INFOPLIST_FILE = "SwiftRewriter.xcodeproj/SwiftSyntax_Info.plist";
            LD_RUNPATH_SEARCH_PATHS = (
               "$(inherited)",
               "$(TOOLCHAIN_DIR)/usr/lib/swift/macosx"
            );
            OTHER_CFLAGS = (
               "$(inherited)"
            );
            OTHER_LDFLAGS = (
               "$(inherited)"
            );
            OTHER_SWIFT_FLAGS = (
               "$(inherited)"
            );
            PRODUCT_BUNDLE_IDENTIFIER = "SwiftSyntax";
            PRODUCT_MODULE_NAME = "$(TARGET_NAME:c99extidentifier)";
            PRODUCT_NAME = "$(TARGET_NAME:c99extidentifier)";
            SKIP_INSTALL = "YES";
            SWIFT_ACTIVE_COMPILATION_CONDITIONS = (
               "$(inherited)"
            );
            SWIFT_VERSION = "4.2";
            TARGET_NAME = "SwiftSyntax";
         };
         name = "Release";
      };
      "OBJ_38" = {
         isa = "PBXGroup";
         children = (
            "OBJ_39",
            "OBJ_40"
         );
         name = "Indent";
         path = "Indent";
         sourceTree = "<group>";
      };
      "OBJ_380" = {
         isa = "PBXSourcesBuildPhase";
         files = (
            "OBJ_381",
            "OBJ_382",
            "OBJ_383",
            "OBJ_384",
            "OBJ_385",
            "OBJ_386",
            "OBJ_387",
            "OBJ_388",
            "OBJ_389",
            "OBJ_390",
            "OBJ_391",
            "OBJ_392",
            "OBJ_393",
            "OBJ_394",
            "OBJ_395",
            "OBJ_396",
            "OBJ_397",
            "OBJ_398",
            "OBJ_399",
            "OBJ_400",
            "OBJ_401",
            "OBJ_402",
            "OBJ_403"
         );
      };
      "OBJ_381" = {
         isa = "PBXBuildFile";
         fileRef = "OBJ_153";
      };
      "OBJ_382" = {
         isa = "PBXBuildFile";
         fileRef = "OBJ_154";
      };
      "OBJ_383" = {
         isa = "PBXBuildFile";
         fileRef = "OBJ_155";
      };
      "OBJ_384" = {
         isa = "PBXBuildFile";
         fileRef = "OBJ_156";
      };
      "OBJ_385" = {
         isa = "PBXBuildFile";
         fileRef = "OBJ_157";
      };
      "OBJ_386" = {
         isa = "PBXBuildFile";
         fileRef = "OBJ_158";
      };
      "OBJ_387" = {
         isa = "PBXBuildFile";
         fileRef = "OBJ_159";
      };
      "OBJ_388" = {
         isa = "PBXBuildFile";
         fileRef = "OBJ_160";
      };
      "OBJ_389" = {
         isa = "PBXBuildFile";
         fileRef = "OBJ_161";
      };
      "OBJ_39" = {
         isa = "PBXFileReference";
         path = "Indenter.swift";
         sourceTree = "<group>";
      };
      "OBJ_390" = {
         isa = "PBXBuildFile";
         fileRef = "OBJ_162";
      };
      "OBJ_391" = {
         isa = "PBXBuildFile";
         fileRef = "OBJ_163";
      };
      "OBJ_392" = {
         isa = "PBXBuildFile";
         fileRef = "OBJ_164";
      };
      "OBJ_393" = {
         isa = "PBXBuildFile";
         fileRef = "OBJ_165";
      };
      "OBJ_394" = {
         isa = "PBXBuildFile";
         fileRef = "OBJ_166";
      };
      "OBJ_395" = {
         isa = "PBXBuildFile";
         fileRef = "OBJ_167";
      };
      "OBJ_396" = {
         isa = "PBXBuildFile";
         fileRef = "OBJ_169";
      };
      "OBJ_397" = {
         isa = "PBXBuildFile";
         fileRef = "OBJ_170";
      };
      "OBJ_398" = {
         isa = "PBXBuildFile";
         fileRef = "OBJ_171";
      };
      "OBJ_399" = {
         isa = "PBXBuildFile";
         fileRef = "OBJ_172";
      };
      "OBJ_4" = {
         isa = "XCBuildConfiguration";
         buildSettings = {
            CLANG_ENABLE_OBJC_ARC = "YES";
            COMBINE_HIDPI_IMAGES = "YES";
            COPY_PHASE_STRIP = "YES";
            DEBUG_INFORMATION_FORMAT = "dwarf-with-dsym";
            DYLIB_INSTALL_NAME_BASE = "@rpath";
            GCC_OPTIMIZATION_LEVEL = "s";
            MACOSX_DEPLOYMENT_TARGET = "10.10";
            OTHER_SWIFT_FLAGS = (
               "-DXcode"
            );
            PRODUCT_NAME = "$(TARGET_NAME)";
            SDKROOT = "macosx";
            SUPPORTED_PLATFORMS = (
               "macosx",
               "iphoneos",
               "iphonesimulator",
               "appletvos",
               "appletvsimulator",
               "watchos",
               "watchsimulator"
            );
            SWIFT_ACTIVE_COMPILATION_CONDITIONS = (
               "SWIFT_PACKAGE"
            );
            SWIFT_OPTIMIZATION_LEVEL = "-Owholemodule";
            USE_HEADERMAP = "NO";
         };
         name = "Release";
      };
      "OBJ_40" = {
         isa = "PBXGroup";
         children = (
            "OBJ_41",
            "OBJ_42"
         );
         name = "Internal";
         path = "Internal";
         sourceTree = "<group>";
      };
      "OBJ_400" = {
         isa = "PBXBuildFile";
         fileRef = "OBJ_173";
      };
      "OBJ_401" = {
         isa = "PBXBuildFile";
         fileRef = "OBJ_174";
      };
      "OBJ_402" = {
         isa = "PBXBuildFile";
         fileRef = "OBJ_175";
      };
      "OBJ_403" = {
         isa = "PBXBuildFile";
         fileRef = "OBJ_176";
      };
      "OBJ_404" = {
         isa = "PBXFrameworksBuildPhase";
         files = (
         );
      };
      "OBJ_406" = {
         isa = "XCConfigurationList";
         buildConfigurations = (
            "OBJ_407",
            "OBJ_408"
         );
         defaultConfigurationIsVisible = "0";
         defaultConfigurationName = "Release";
      };
      "OBJ_407" = {
         isa = "XCBuildConfiguration";
         buildSettings = {
            LD = "/usr/bin/true";
            OTHER_SWIFT_FLAGS = (
               "-swift-version",
               "4.2",
               "-I",
               "$(TOOLCHAIN_DIR)/usr/lib/swift/pm/4_2",
               "-target",
               "x86_64-apple-macosx10.10",
               "-sdk",
               "/Applications/Xcode10.0.app/Contents/Developer/Platforms/MacOSX.platform/Developer/SDKs/MacOSX10.14.sdk"
            );
            SWIFT_VERSION = "4.2";
         };
         name = "Debug";
      };
      "OBJ_408" = {
         isa = "XCBuildConfiguration";
         buildSettings = {
            LD = "/usr/bin/true";
            OTHER_SWIFT_FLAGS = (
               "-swift-version",
               "4.2",
               "-I",
               "$(TOOLCHAIN_DIR)/usr/lib/swift/pm/4_2",
               "-target",
               "x86_64-apple-macosx10.10",
               "-sdk",
               "/Applications/Xcode10.0.app/Contents/Developer/Platforms/MacOSX.platform/Developer/SDKs/MacOSX10.14.sdk"
            );
            SWIFT_VERSION = "4.2";
         };
         name = "Release";
      };
      "OBJ_409" = {
         isa = "PBXSourcesBuildPhase";
         files = (
            "OBJ_410"
         );
      };
      "OBJ_41" = {
         isa = "PBXFileReference";
         path = "BlockItemIndenter.swift";
         sourceTree = "<group>";
      };
      "OBJ_410" = {
         isa = "PBXBuildFile";
         fileRef = "OBJ_177";
      };
      "OBJ_412" = {
         isa = "XCConfigurationList";
         buildConfigurations = (
            "OBJ_413",
            "OBJ_414"
         );
         defaultConfigurationIsVisible = "0";
         defaultConfigurationName = "Release";
      };
      "OBJ_413" = {
         isa = "XCBuildConfiguration";
         buildSettings = {
            FRAMEWORK_SEARCH_PATHS = (
               "$(inherited)",
               "$(PLATFORM_DIR)/Developer/Library/Frameworks"
            );
            HEADER_SEARCH_PATHS = (
               "$(inherited)"
            );
            INFOPLIST_FILE = "SwiftRewriter.xcodeproj/swift_rewriter_Info.plist";
            LD_RUNPATH_SEARCH_PATHS = (
               "$(inherited)",
               "$(TOOLCHAIN_DIR)/usr/lib/swift/macosx",
               "@executable_path"
            );
            OTHER_CFLAGS = (
               "$(inherited)"
            );
            OTHER_LDFLAGS = (
               "$(inherited)"
            );
            OTHER_SWIFT_FLAGS = (
               "$(inherited)"
            );
            SWIFT_ACTIVE_COMPILATION_CONDITIONS = (
               "$(inherited)"
            );
            SWIFT_FORCE_DYNAMIC_LINK_STDLIB = "YES";
            SWIFT_FORCE_STATIC_LINK_STDLIB = "NO";
            SWIFT_VERSION = "4.2";
            TARGET_NAME = "swift-rewriter";
         };
         name = "Debug";
      };
      "OBJ_414" = {
         isa = "XCBuildConfiguration";
         buildSettings = {
            FRAMEWORK_SEARCH_PATHS = (
               "$(inherited)",
               "$(PLATFORM_DIR)/Developer/Library/Frameworks"
            );
            HEADER_SEARCH_PATHS = (
               "$(inherited)"
            );
            INFOPLIST_FILE = "SwiftRewriter.xcodeproj/swift_rewriter_Info.plist";
            LD_RUNPATH_SEARCH_PATHS = (
               "$(inherited)",
               "$(TOOLCHAIN_DIR)/usr/lib/swift/macosx",
               "@executable_path"
            );
            OTHER_CFLAGS = (
               "$(inherited)"
            );
            OTHER_LDFLAGS = (
               "$(inherited)"
            );
            OTHER_SWIFT_FLAGS = (
               "$(inherited)"
            );
            SWIFT_ACTIVE_COMPILATION_CONDITIONS = (
               "$(inherited)"
            );
            SWIFT_FORCE_DYNAMIC_LINK_STDLIB = "YES";
            SWIFT_FORCE_STATIC_LINK_STDLIB = "NO";
            SWIFT_VERSION = "4.2";
            TARGET_NAME = "swift-rewriter";
         };
         name = "Release";
      };
      "OBJ_415" = {
         isa = "PBXSourcesBuildPhase";
         files = (
            "OBJ_416",
            "OBJ_417",
            "OBJ_418",
            "OBJ_419",
            "OBJ_420",
            "OBJ_421"
         );
      };
      "OBJ_416" = {
         isa = "PBXBuildFile";
         fileRef = "OBJ_10";
      };
      "OBJ_417" = {
         isa = "PBXBuildFile";
         fileRef = "OBJ_11";
      };
      "OBJ_418" = {
         isa = "PBXBuildFile";
         fileRef = "OBJ_13";
      };
      "OBJ_419" = {
         isa = "PBXBuildFile";
         fileRef = "OBJ_14";
      };
      "OBJ_42" = {
         isa = "PBXFileReference";
         path = "FirstItemAwareIndenter.swift";
         sourceTree = "<group>";
      };
      "OBJ_420" = {
         isa = "PBXBuildFile";
         fileRef = "OBJ_15";
      };
      "OBJ_421" = {
         isa = "PBXBuildFile";
         fileRef = "OBJ_16";
      };
      "OBJ_422" = {
         isa = "PBXFrameworksBuildPhase";
         files = (
            "OBJ_423",
            "OBJ_424",
            "OBJ_425",
            "OBJ_426",
            "OBJ_427",
            "OBJ_428"
         );
      };
      "OBJ_423" = {
         isa = "PBXBuildFile";
         fileRef = "Files::Files::Product";
      };
      "OBJ_424" = {
         isa = "PBXBuildFile";
         fileRef = "Curry::Curry::Product";
      };
      "OBJ_425" = {
         isa = "PBXBuildFile";
         fileRef = "Commandant::Commandant::Product";
      };
      "OBJ_426" = {
         isa = "PBXBuildFile";
         fileRef = "Result::Result::Product";
      };
      "OBJ_427" = {
         isa = "PBXBuildFile";
         fileRef = "SwiftRewriter::SwiftRewriter::Product";
      };
      "OBJ_428" = {
         isa = "PBXBuildFile";
         fileRef = "SwiftSyntax::SwiftSyntax::Product";
      };
      "OBJ_429" = {
         isa = "PBXTargetDependency";
         target = "Files::Files";
      };
      "OBJ_43" = {
         isa = "PBXGroup";
         children = (
            "OBJ_44",
            "OBJ_45"
         );
         name = "Move";
         path = "Move";
         sourceTree = "<group>";
      };
      "OBJ_430" = {
         isa = "PBXTargetDependency";
         target = "Curry::Curry";
      };
      "OBJ_431" = {
         isa = "PBXTargetDependency";
         target = "Commandant::Commandant";
      };
      "OBJ_432" = {
         isa = "PBXTargetDependency";
         target = "Result::Result";
      };
      "OBJ_433" = {
         isa = "PBXTargetDependency";
         target = "SwiftRewriter::SwiftRewriter";
      };
      "OBJ_434" = {
         isa = "PBXTargetDependency";
         target = "SwiftSyntax::SwiftSyntax";
      };
      "OBJ_44" = {
         isa = "PBXFileReference";
         path = "ExtensionIniter.swift";
         sourceTree = "<group>";
      };
      "OBJ_45" = {
         isa = "PBXFileReference";
         path = "ImportSorter.swift";
         sourceTree = "<group>";
      };
      "OBJ_46" = {
         isa = "PBXGroup";
         children = (
            "OBJ_47",
            "OBJ_48"
         );
         name = "Newline";
         path = "Newline";
         sourceTree = "<group>";
      };
      "OBJ_47" = {
         isa = "PBXFileReference";
         path = "ElseNewliner.swift";
         sourceTree = "<group>";
      };
      "OBJ_48" = {
         isa = "PBXFileReference";
         path = "ExtraNewliner.swift";
         sourceTree = "<group>";
      };
      "OBJ_49" = {
         isa = "PBXGroup";
         children = (
            "OBJ_50",
            "OBJ_51",
            "OBJ_52",
            "OBJ_53",
            "OBJ_54",
            "OBJ_55",
            "OBJ_56",
            "OBJ_57",
            "OBJ_58"
         );
         name = "Space";
         path = "Space";
         sourceTree = "<group>";
      };
      "OBJ_5" = {
         isa = "PBXGroup";
         children = (
            "OBJ_6",
            "OBJ_7",
            "OBJ_66",
            "OBJ_96",
            "OBJ_178"
         );
         path = "";
         sourceTree = "<group>";
      };
      "OBJ_50" = {
         isa = "PBXFileReference";
         path = "ArrowSpacer.swift";
         sourceTree = "<group>";
      };
      "OBJ_51" = {
         isa = "PBXFileReference";
         path = "BinaryOperatorSpacer.swift";
         sourceTree = "<group>";
      };
      "OBJ_52" = {
         isa = "PBXFileReference";
         path = "ColonSpacer.swift";
         sourceTree = "<group>";
      };
      "OBJ_53" = {
         isa = "PBXFileReference";
         path = "EqualSpacer.swift";
         sourceTree = "<group>";
      };
      "OBJ_54" = {
         isa = "PBXFileReference";
         path = "ExtraSpaceTrimmer.swift";
         sourceTree = "<group>";
      };
      "OBJ_55" = {
         isa = "PBXFileReference";
         path = "LeftBraceSpacer.swift";
         sourceTree = "<group>";
      };
      "OBJ_56" = {
         isa = "PBXFileReference";
         path = "LeftParenSpacer.swift";
         sourceTree = "<group>";
      };
      "OBJ_57" = {
         isa = "PBXFileReference";
         path = "TernaryExprSpacer.swift";
         sourceTree = "<group>";
      };
      "OBJ_58" = {
         isa = "PBXFileReference";
         path = "TrailingSpaceTrimmer.swift";
         sourceTree = "<group>";
      };
      "OBJ_59" = {
         isa = "PBXGroup";
         children = (
            "OBJ_60",
            "OBJ_61"
         );
         name = "Types";
         path = "Types";
         sourceTree = "<group>";
      };
      "OBJ_6" = {
         isa = "PBXFileReference";
         explicitFileType = "sourcecode.swift";
         path = "Package.swift";
         sourceTree = "<group>";
      };
      "OBJ_60" = {
         isa = "PBXFileReference";
         path = "Indent.swift";
         sourceTree = "<group>";
      };
      "OBJ_61" = {
         isa = "PBXFileReference";
         path = "Rewriter.swift";
         sourceTree = "<group>";
      };
      "OBJ_62" = {
         isa = "PBXGroup";
         children = (
            "OBJ_63",
            "OBJ_64",
            "OBJ_65"
         );
         name = "Utilities";
         path = "Utilities";
         sourceTree = "<group>";
      };
      "OBJ_63" = {
         isa = "PBXFileReference";
         path = "Function.swift";
         sourceTree = "<group>";
      };
      "OBJ_64" = {
         isa = "PBXFileReference";
         path = "Lens.swift";
         sourceTree = "<group>";
      };
      "OBJ_65" = {
         isa = "PBXFileReference";
         path = "TokenHandler.swift";
         sourceTree = "<group>";
      };
      "OBJ_66" = {
         isa = "PBXGroup";
         children = (
            "OBJ_67"
         );
         name = "Tests";
         path = "";
         sourceTree = "SOURCE_ROOT";
      };
      "OBJ_67" = {
         isa = "PBXGroup";
         children = (
            "OBJ_68",
            "OBJ_70",
            "OBJ_72",
            "OBJ_74",
            "OBJ_78",
            "OBJ_81",
            "OBJ_84",
            "OBJ_94",
            "OBJ_95"
         );
         name = "SwiftRewriterTests";
         path = "Tests/SwiftRewriterTests";
         sourceTree = "SOURCE_ROOT";
      };
      "OBJ_68" = {
         isa = "PBXGroup";
         children = (
            "OBJ_69"
         );
         name = "Combined";
         path = "Combined";
         sourceTree = "<group>";
      };
      "OBJ_69" = {
         isa = "PBXFileReference";
         path = "CombinedTests.swift";
         sourceTree = "<group>";
      };
      "OBJ_7" = {
         isa = "PBXGroup";
         children = (
            "OBJ_8",
            "OBJ_17"
         );
         name = "Sources";
         path = "";
         sourceTree = "SOURCE_ROOT";
      };
      "OBJ_70" = {
         isa = "PBXGroup";
         children = (
            "OBJ_71"
         );
         name = "Comment";
         path = "Comment";
         sourceTree = "<group>";
      };
      "OBJ_71" = {
         isa = "PBXFileReference";
         path = "HeaderCopyrightTrimmerTests.swift";
         sourceTree = "<group>";
      };
      "OBJ_72" = {
         isa = "PBXGroup";
         children = (
            "OBJ_73"
         );
         name = "Helpers";
         path = "Helpers";
         sourceTree = "<group>";
      };
      "OBJ_73" = {
         isa = "PBXFileReference";
         path = "TestRunner.swift";
         sourceTree = "<group>";
      };
      "OBJ_74" = {
         isa = "PBXGroup";
         children = (
            "OBJ_75",
            "OBJ_76",
            "OBJ_77"
         );
         name = "Indent";
         path = "Indent";
         sourceTree = "<group>";
      };
      "OBJ_75" = {
         isa = "PBXFileReference";
         path = "BlockItemIndenterTests.swift";
         sourceTree = "<group>";
      };
      "OBJ_76" = {
         isa = "PBXFileReference";
         path = "FirstItemAwareIndenterTests.swift";
         sourceTree = "<group>";
      };
      "OBJ_77" = {
         isa = "PBXFileReference";
         path = "IndenterTests.swift";
         sourceTree = "<group>";
      };
      "OBJ_78" = {
         isa = "PBXGroup";
         children = (
            "OBJ_79",
            "OBJ_80"
         );
         name = "Move";
         path = "Move";
         sourceTree = "<group>";
      };
      "OBJ_79" = {
         isa = "PBXFileReference";
         path = "ExtensionIniterTests.swift";
         sourceTree = "<group>";
      };
      "OBJ_8" = {
         isa = "PBXGroup";
         children = (
            "OBJ_9",
            "OBJ_12",
            "OBJ_15",
            "OBJ_16"
         );
         name = "swift-rewriter";
         path = "Sources/swift-rewriter";
         sourceTree = "SOURCE_ROOT";
      };
      "OBJ_80" = {
         isa = "PBXFileReference";
         path = "ImportSorterTests.swift";
         sourceTree = "<group>";
      };
      "OBJ_81" = {
         isa = "PBXGroup";
         children = (
            "OBJ_82",
            "OBJ_83"
         );
         name = "Newline";
         path = "Newline";
         sourceTree = "<group>";
      };
      "OBJ_82" = {
         isa = "PBXFileReference";
         path = "ElseNewlinerTests.swift";
         sourceTree = "<group>";
      };
      "OBJ_83" = {
         isa = "PBXFileReference";
         path = "ExtraNewlinerTests.swift";
         sourceTree = "<group>";
      };
      "OBJ_84" = {
         isa = "PBXGroup";
         children = (
            "OBJ_85",
            "OBJ_86",
            "OBJ_87",
            "OBJ_88",
            "OBJ_89",
            "OBJ_90",
            "OBJ_91",
            "OBJ_92",
            "OBJ_93"
         );
         name = "Space";
         path = "Space";
         sourceTree = "<group>";
      };
      "OBJ_85" = {
         isa = "PBXFileReference";
         path = "ArrowSpacerTests.swift";
         sourceTree = "<group>";
      };
      "OBJ_86" = {
         isa = "PBXFileReference";
         path = "BinaryOperatorSpacerTests.swift";
         sourceTree = "<group>";
      };
      "OBJ_87" = {
         isa = "PBXFileReference";
         path = "ColonSpacerTests.swift";
         sourceTree = "<group>";
      };
      "OBJ_88" = {
         isa = "PBXFileReference";
         path = "EqualSpacerTests.swift";
         sourceTree = "<group>";
      };
      "OBJ_89" = {
         isa = "PBXFileReference";
         path = "ExtraSpaceTrimmerTests.swift";
         sourceTree = "<group>";
      };
      "OBJ_9" = {
         isa = "PBXGroup";
         children = (
            "OBJ_10",
            "OBJ_11"
         );
         name = "Commands";
         path = "Commands";
         sourceTree = "<group>";
      };
      "OBJ_90" = {
         isa = "PBXFileReference";
         path = "LeftBraceSpacerTests.swift";
         sourceTree = "<group>";
      };
      "OBJ_91" = {
         isa = "PBXFileReference";
         path = "LeftParenSpacerTests.swift";
         sourceTree = "<group>";
      };
      "OBJ_92" = {
         isa = "PBXFileReference";
         path = "TernaryExprSpacerTests.swift";
         sourceTree = "<group>";
      };
      "OBJ_93" = {
         isa = "PBXFileReference";
         path = "TrailingSpaceTrimmer.swift";
         sourceTree = "<group>";
      };
      "OBJ_94" = {
         isa = "PBXFileReference";
         path = "XCTestManifests.swift";
         sourceTree = "<group>";
      };
      "OBJ_95" = {
         isa = "PBXFileReference";
         path = "rewriter.swift";
         sourceTree = "<group>";
      };
      "OBJ_96" = {
         isa = "PBXGroup";
         children = (
            "OBJ_97",
            "OBJ_126",
            "OBJ_129",
            "OBJ_132",
            "OBJ_144",
            "OBJ_151"
         );
         name = "Dependencies";
         path = "";
         sourceTree = "<group>";
      };
      "OBJ_97" = {
         isa = "PBXGroup";
         children = (
            "OBJ_98",
            "OBJ_125"
         );
         name = "SnapshotTesting 1.0.0";
         path = "";
         sourceTree = "SOURCE_ROOT";
      };
      "OBJ_98" = {
         isa = "PBXGroup";
         children = (
            "OBJ_99",
            "OBJ_100",
            "OBJ_101",
            "OBJ_102",
            "OBJ_103",
            "OBJ_104",
            "OBJ_105",
            "OBJ_106",
            "OBJ_121"
         );
         name = "SnapshotTesting";
         path = ".build/checkouts/swift-snapshot-testing--2084393048520721109/Sources/SnapshotTesting";
         sourceTree = "SOURCE_ROOT";
      };
      "OBJ_99" = {
         isa = "PBXFileReference";
         path = "AssertSnapshot.swift";
         sourceTree = "<group>";
      };
      "Result::Result" = {
         isa = "PBXNativeTarget";
         buildConfigurationList = "OBJ_238";
         buildPhases = (
            "OBJ_241",
            "OBJ_246"
         );
         dependencies = (
         );
         name = "Result";
         productName = "Result";
         productReference = "Result::Result::Product";
         productType = "com.apple.product-type.framework";
      };
      "Result::Result::Product" = {
         isa = "PBXFileReference";
         path = "Result.framework";
         sourceTree = "BUILT_PRODUCTS_DIR";
      };
      "Result::SwiftPMPackageDescription" = {
         isa = "PBXNativeTarget";
         buildConfigurationList = "OBJ_248";
         buildPhases = (
            "OBJ_251"
         );
         dependencies = (
         );
         name = "ResultPackageDescription";
         productName = "ResultPackageDescription";
         productType = "com.apple.product-type.framework";
      };
      "SnapshotTesting::SnapshotTesting" = {
         isa = "PBXNativeTarget";
         buildConfigurationList = "OBJ_254";
         buildPhases = (
            "OBJ_257",
            "OBJ_282"
         );
         dependencies = (
         );
         name = "SnapshotTesting";
         productName = "SnapshotTesting";
         productReference = "SnapshotTesting::SnapshotTesting::Product";
         productType = "com.apple.product-type.framework";
      };
      "SnapshotTesting::SnapshotTesting::Product" = {
         isa = "PBXFileReference";
         path = "SnapshotTesting.framework";
         sourceTree = "BUILT_PRODUCTS_DIR";
      };
      "SnapshotTesting::SwiftPMPackageDescription" = {
         isa = "PBXNativeTarget";
         buildConfigurationList = "OBJ_284";
         buildPhases = (
            "OBJ_287"
         );
         dependencies = (
         );
         name = "SnapshotTestingPackageDescription";
         productName = "SnapshotTestingPackageDescription";
         productType = "com.apple.product-type.framework";
      };
      "SwiftRewriter::SwiftPMPackageDescription" = {
         isa = "PBXNativeTarget";
         buildConfigurationList = "OBJ_334";
         buildPhases = (
            "OBJ_337"
         );
         dependencies = (
         );
         name = "SwiftRewriterPackageDescription";
         productName = "SwiftRewriterPackageDescription";
         productType = "com.apple.product-type.framework";
      };
      "SwiftRewriter::SwiftRewriter" = {
         isa = "PBXNativeTarget";
         buildConfigurationList = "OBJ_290";
         buildPhases = (
            "OBJ_293",
            "OBJ_329"
         );
         dependencies = (
            "OBJ_331"
         );
         name = "SwiftRewriter";
         productName = "SwiftRewriter";
         productReference = "SwiftRewriter::SwiftRewriter::Product";
         productType = "com.apple.product-type.framework";
      };
      "SwiftRewriter::SwiftRewriter::Product" = {
         isa = "PBXFileReference";
         path = "SwiftRewriter.framework";
         sourceTree = "BUILT_PRODUCTS_DIR";
      };
      "SwiftRewriter::SwiftRewriterPackageTests::ProductTarget" = {
         isa = "PBXAggregateTarget";
         buildConfigurationList = "OBJ_340";
         buildPhases = (
         );
         dependencies = (
            "OBJ_343"
         );
         name = "SwiftRewriterPackageTests";
         productName = "SwiftRewriterPackageTests";
      };
      "SwiftRewriter::SwiftRewriterTests" = {
         isa = "PBXNativeTarget";
         buildConfigurationList = "OBJ_345";
         buildPhases = (
            "OBJ_348",
            "OBJ_370"
         );
         dependencies = (
            "OBJ_374",
            "OBJ_375",
            "OBJ_376"
         );
         name = "SwiftRewriterTests";
         productName = "SwiftRewriterTests";
         productReference = "SwiftRewriter::SwiftRewriterTests::Product";
         productType = "com.apple.product-type.bundle.unit-test";
      };
      "SwiftRewriter::SwiftRewriterTests::Product" = {
         isa = "PBXFileReference";
         path = "SwiftRewriterTests.xctest";
         sourceTree = "BUILT_PRODUCTS_DIR";
      };
      "SwiftRewriter::swift-rewriter" = {
         isa = "PBXNativeTarget";
         buildConfigurationList = "OBJ_412";
         buildPhases = (
            "OBJ_415",
            "OBJ_422"
         );
         dependencies = (
            "OBJ_429",
            "OBJ_430",
            "OBJ_431",
            "OBJ_432",
            "OBJ_433",
            "OBJ_434"
         );
         name = "swift-rewriter";
         productName = "swift_rewriter";
         productReference = "SwiftRewriter::swift-rewriter::Product";
         productType = "com.apple.product-type.tool";
      };
      "SwiftRewriter::swift-rewriter::Product" = {
         isa = "PBXFileReference";
         path = "swift-rewriter";
         sourceTree = "BUILT_PRODUCTS_DIR";
      };
      "SwiftSyntax::SwiftPMPackageDescription" = {
         isa = "PBXNativeTarget";
         buildConfigurationList = "OBJ_406";
         buildPhases = (
            "OBJ_409"
         );
         dependencies = (
         );
         name = "SwiftSyntaxPackageDescription";
         productName = "SwiftSyntaxPackageDescription";
         productType = "com.apple.product-type.framework";
      };
      "SwiftSyntax::SwiftSyntax" = {
         isa = "PBXNativeTarget";
         buildConfigurationList = "OBJ_377";
         buildPhases = (
            "OBJ_380",
            "OBJ_404"
         );
         dependencies = (
         );
         name = "SwiftSyntax";
         productName = "SwiftSyntax";
         productReference = "SwiftSyntax::SwiftSyntax::Product";
         productType = "com.apple.product-type.framework";
      };
      "SwiftSyntax::SwiftSyntax::Product" = {
         isa = "PBXFileReference";
         path = "SwiftSyntax.framework";
         sourceTree = "BUILT_PRODUCTS_DIR";
      };
   };
   rootObject = "OBJ_1";
}
